// !$*UTF8*$!
{
	archiveVersion = 1;
	classes = {
	};
	objectVersion = 48;
	objects = {

/* Begin PBXBuildFile section */
		22C1655F1FDE1E6400D6DBE4 /* AppDelegate.swift in Sources */ = {isa = PBXBuildFile; fileRef = 22C1655E1FDE1E6400D6DBE4 /* AppDelegate.swift */; };
		22C165641FDE1E6400D6DBE4 /* Main.storyboard in Resources */ = {isa = PBXBuildFile; fileRef = 22C165621FDE1E6400D6DBE4 /* Main.storyboard */; };
		22C165661FDE1E6400D6DBE4 /* Assets.xcassets in Resources */ = {isa = PBXBuildFile; fileRef = 22C165651FDE1E6400D6DBE4 /* Assets.xcassets */; };
		22C165691FDE1E6400D6DBE4 /* LaunchScreen.storyboard in Resources */ = {isa = PBXBuildFile; fileRef = 22C165671FDE1E6400D6DBE4 /* LaunchScreen.storyboard */; };
		22C165711FDE1E8200D6DBE4 /* TableViewController.swift in Sources */ = {isa = PBXBuildFile; fileRef = 22C165701FDE1E8200D6DBE4 /* TableViewController.swift */; };
		22C165751FDE22B100D6DBE4 /* City.swift in Sources */ = {isa = PBXBuildFile; fileRef = 22C165741FDE22B100D6DBE4 /* City.swift */; };
		22C165771FDE246400D6DBE4 /* TableViewDataSource.swift in Sources */ = {isa = PBXBuildFile; fileRef = 22C165761FDE246300D6DBE4 /* TableViewDataSource.swift */; };
		22C165791FDE302900D6DBE4 /* Store.swift in Sources */ = {isa = PBXBuildFile; fileRef = 22C165781FDE302900D6DBE4 /* Store.swift */; };
		22C1657B1FDEB68400D6DBE4 /* TableCityCell.swift in Sources */ = {isa = PBXBuildFile; fileRef = 22C1657A1FDEB68400D6DBE4 /* TableCityCell.swift */; };
/* End PBXBuildFile section */

/* Begin PBXFileReference section */
		22C1655B1FDE1E6400D6DBE4 /* T01-Hashable-Footprint.app */ = {isa = PBXFileReference; explicitFileType = wrapper.application; includeInIndex = 0; path = "T01-Hashable-Footprint.app"; sourceTree = BUILT_PRODUCTS_DIR; };
		22C1655E1FDE1E6400D6DBE4 /* AppDelegate.swift */ = {isa = PBXFileReference; lastKnownFileType = sourcecode.swift; path = AppDelegate.swift; sourceTree = "<group>"; };
		22C165631FDE1E6400D6DBE4 /* Base */ = {isa = PBXFileReference; lastKnownFileType = file.storyboard; name = Base; path = Base.lproj/Main.storyboard; sourceTree = "<group>"; };
		22C165651FDE1E6400D6DBE4 /* Assets.xcassets */ = {isa = PBXFileReference; lastKnownFileType = folder.assetcatalog; path = Assets.xcassets; sourceTree = "<group>"; };
		22C165681FDE1E6400D6DBE4 /* Base */ = {isa = PBXFileReference; lastKnownFileType = file.storyboard; name = Base; path = Base.lproj/LaunchScreen.storyboard; sourceTree = "<group>"; };
		22C1656A1FDE1E6400D6DBE4 /* Info.plist */ = {isa = PBXFileReference; lastKnownFileType = text.plist.xml; path = Info.plist; sourceTree = "<group>"; };
		22C165701FDE1E8200D6DBE4 /* TableViewController.swift */ = {isa = PBXFileReference; lastKnownFileType = sourcecode.swift; path = TableViewController.swift; sourceTree = "<group>"; };
		22C165741FDE22B100D6DBE4 /* City.swift */ = {isa = PBXFileReference; lastKnownFileType = sourcecode.swift; path = City.swift; sourceTree = "<group>"; };
		22C165761FDE246300D6DBE4 /* TableViewDataSource.swift */ = {isa = PBXFileReference; lastKnownFileType = sourcecode.swift; path = TableViewDataSource.swift; sourceTree = "<group>"; };
		22C165781FDE302900D6DBE4 /* Store.swift */ = {isa = PBXFileReference; lastKnownFileType = sourcecode.swift; path = Store.swift; sourceTree = "<group>"; };
		22C1657A1FDEB68400D6DBE4 /* TableCityCell.swift */ = {isa = PBXFileReference; lastKnownFileType = sourcecode.swift; path = TableCityCell.swift; sourceTree = "<group>"; };
/* End PBXFileReference section */

/* Begin PBXFrameworksBuildPhase section */
		22C165581FDE1E6400D6DBE4 /* Frameworks */ = {
			isa = PBXFrameworksBuildPhase;
			buildActionMask = 2147483647;
			files = (
			);
			runOnlyForDeploymentPostprocessing = 0;
		};
/* End PBXFrameworksBuildPhase section */

/* Begin PBXGroup section */
		22C165521FDE1E6400D6DBE4 = {
			isa = PBXGroup;
			children = (
				22C1655D1FDE1E6400D6DBE4 /* T01-Hashable-Footprint */,
				22C1655C1FDE1E6400D6DBE4 /* Products */,
			);
			sourceTree = "<group>";
		};
		22C1655C1FDE1E6400D6DBE4 /* Products */ = {
			isa = PBXGroup;
			children = (
				22C1655B1FDE1E6400D6DBE4 /* T01-Hashable-Footprint.app */,
			);
			name = Products;
			sourceTree = "<group>";
		};
		22C1655D1FDE1E6400D6DBE4 /* T01-Hashable-Footprint */ = {
			isa = PBXGroup;
			children = (
				22C1655E1FDE1E6400D6DBE4 /* AppDelegate.swift */,
				22C165701FDE1E8200D6DBE4 /* TableViewController.swift */,
				22C165761FDE246300D6DBE4 /* TableViewDataSource.swift */,
				22C1657A1FDEB68400D6DBE4 /* TableCityCell.swift */,
				22C165741FDE22B100D6DBE4 /* City.swift */,
				22C165781FDE302900D6DBE4 /* Store.swift */,
				22C165621FDE1E6400D6DBE4 /* Main.storyboard */,
				22C165651FDE1E6400D6DBE4 /* Assets.xcassets */,
				22C165671FDE1E6400D6DBE4 /* LaunchScreen.storyboard */,
				22C1656A1FDE1E6400D6DBE4 /* Info.plist */,
			);
			path = "T01-Hashable-Footprint";
			sourceTree = "<group>";
		};
/* End PBXGroup section */

/* Begin PBXNativeTarget section */
		22C1655A1FDE1E6400D6DBE4 /* T01-Hashable-Footprint */ = {
			isa = PBXNativeTarget;
			buildConfigurationList = 22C1656D1FDE1E6400D6DBE4 /* Build configuration list for PBXNativeTarget "T01-Hashable-Footprint" */;
			buildPhases = (
				22C165571FDE1E6400D6DBE4 /* Sources */,
				22C165581FDE1E6400D6DBE4 /* Frameworks */,
				22C165591FDE1E6400D6DBE4 /* Resources */,
			);
			buildRules = (
			);
			dependencies = (
			);
			name = "T01-Hashable-Footprint";
			productName = "T01-Hashable-Footprint";
			productReference = 22C1655B1FDE1E6400D6DBE4 /* T01-Hashable-Footprint.app */;
			productType = "com.apple.product-type.application";
		};
/* End PBXNativeTarget section */

/* Begin PBXProject section */
		22C165531FDE1E6400D6DBE4 /* Project object */ = {
			isa = PBXProject;
			attributes = {
				LastSwiftUpdateCheck = 0920;
				LastUpgradeCheck = 0920;
				ORGANIZATIONNAME = fun;
				TargetAttributes = {
					22C1655A1FDE1E6400D6DBE4 = {
						CreatedOnToolsVersion = 9.2;
						ProvisioningStyle = Automatic;
					};
				};
			};
			buildConfigurationList = 22C165561FDE1E6400D6DBE4 /* Build configuration list for PBXProject "T01-Hashable-Footprint" */;
			compatibilityVersion = "Xcode 8.0";
			developmentRegion = en;
			hasScannedForEncodings = 0;
			knownRegions = (
				en,
				Base,
			);
			mainGroup = 22C165521FDE1E6400D6DBE4;
			productRefGroup = 22C1655C1FDE1E6400D6DBE4 /* Products */;
			projectDirPath = "";
			projectRoot = "";
			targets = (
				22C1655A1FDE1E6400D6DBE4 /* T01-Hashable-Footprint */,
			);
		};
/* End PBXProject section */

/* Begin PBXResourcesBuildPhase section */
		22C165591FDE1E6400D6DBE4 /* Resources */ = {
			isa = PBXResourcesBuildPhase;
			buildActionMask = 2147483647;
			files = (
				22C165691FDE1E6400D6DBE4 /* LaunchScreen.storyboard in Resources */,
				22C165661FDE1E6400D6DBE4 /* Assets.xcassets in Resources */,
				22C165641FDE1E6400D6DBE4 /* Main.storyboard in Resources */,
			);
			runOnlyForDeploymentPostprocessing = 0;
		};
/* End PBXResourcesBuildPhase section */

/* Begin PBXSourcesBuildPhase section */
		22C165571FDE1E6400D6DBE4 /* Sources */ = {
			isa = PBXSourcesBuildPhase;
			buildActionMask = 2147483647;
			files = (
				22C165791FDE302900D6DBE4 /* Store.swift in Sources */,
				22C1657B1FDEB68400D6DBE4 /* TableCityCell.swift in Sources */,
				22C1655F1FDE1E6400D6DBE4 /* AppDelegate.swift in Sources */,
				22C165771FDE246400D6DBE4 /* TableViewDataSource.swift in Sources */,
				22C165751FDE22B100D6DBE4 /* City.swift in Sources */,
				22C165711FDE1E8200D6DBE4 /* TableViewController.swift in Sources */,
			);
			runOnlyForDeploymentPostprocessing = 0;
		};
/* End PBXSourcesBuildPhase section */

/* Begin PBXVariantGroup section */
		22C165621FDE1E6400D6DBE4 /* Main.storyboard */ = {
			isa = PBXVariantGroup;
			children = (
				22C165631FDE1E6400D6DBE4 /* Base */,
			);
			name = Main.storyboard;
			sourceTree = "<group>";
		};
		22C165671FDE1E6400D6DBE4 /* LaunchScreen.storyboard */ = {
			isa = PBXVariantGroup;
			children = (
				22C165681FDE1E6400D6DBE4 /* Base */,
			);
			name = LaunchScreen.storyboard;
			sourceTree = "<group>";
		};
/* End PBXVariantGroup section */

/* Begin XCBuildConfiguration section */
		22C1656B1FDE1E6400D6DBE4 /* Debug */ = {
			isa = XCBuildConfiguration;
			buildSettings = {
				ALWAYS_SEARCH_USER_PATHS = NO;
				CLANG_ANALYZER_NONNULL = YES;
				CLANG_ANALYZER_NUMBER_OBJECT_CONVERSION = YES_AGGRESSIVE;
				CLANG_CXX_LANGUAGE_STANDARD = "gnu++14";
				CLANG_CXX_LIBRARY = "libc++";
				CLANG_ENABLE_MODULES = YES;
				CLANG_ENABLE_OBJC_ARC = YES;
				CLANG_WARN_BLOCK_CAPTURE_AUTORELEASING = YES;
				CLANG_WARN_BOOL_CONVERSION = YES;
				CLANG_WARN_COMMA = YES;
				CLANG_WARN_CONSTANT_CONVERSION = YES;
				CLANG_WARN_DIRECT_OBJC_ISA_USAGE = YES_ERROR;
				CLANG_WARN_DOCUMENTATION_COMMENTS = YES;
				CLANG_WARN_EMPTY_BODY = YES;
				CLANG_WARN_ENUM_CONVERSION = YES;
				CLANG_WARN_INFINITE_RECURSION = YES;
				CLANG_WARN_INT_CONVERSION = YES;
				CLANG_WARN_NON_LITERAL_NULL_CONVERSION = YES;
				CLANG_WARN_OBJC_LITERAL_CONVERSION = YES;
				CLANG_WARN_OBJC_ROOT_CLASS = YES_ERROR;
				CLANG_WARN_RANGE_LOOP_ANALYSIS = YES;
				CLANG_WARN_STRICT_PROTOTYPES = YES;
				CLANG_WARN_SUSPICIOUS_MOVE = YES;
				CLANG_WARN_UNGUARDED_AVAILABILITY = YES_AGGRESSIVE;
				CLANG_WARN_UNREACHABLE_CODE = YES;
				CLANG_WARN__DUPLICATE_METHOD_MATCH = YES;
				CODE_SIGN_IDENTITY = "iPhone Developer";
				COPY_PHASE_STRIP = NO;
				DEBUG_INFORMATION_FORMAT = dwarf;
				ENABLE_STRICT_OBJC_MSGSEND = YES;
				ENABLE_TESTABILITY = YES;
				GCC_C_LANGUAGE_STANDARD = gnu11;
				GCC_DYNAMIC_NO_PIC = NO;
				GCC_NO_COMMON_BLOCKS = YES;
				GCC_OPTIMIZATION_LEVEL = 0;
				GCC_PREPROCESSOR_DEFINITIONS = (
					"DEBUG=1",
					"$(inherited)",
				);
				GCC_WARN_64_TO_32_BIT_CONVERSION = YES;
				GCC_WARN_ABOUT_RETURN_TYPE = YES_ERROR;
				GCC_WARN_UNDECLARED_SELECTOR = YES;
				GCC_WARN_UNINITIALIZED_AUTOS = YES_AGGRESSIVE;
				GCC_WARN_UNUSED_FUNCTION = YES;
				GCC_WARN_UNUSED_VARIABLE = YES;
				IPHONEOS_DEPLOYMENT_TARGET = 11.2;
				MTL_ENABLE_DEBUG_INFO = YES;
				ONLY_ACTIVE_ARCH = YES;
				SDKROOT = iphoneos;
				SWIFT_ACTIVE_COMPILATION_CONDITIONS = DEBUG;
				SWIFT_OPTIMIZATION_LEVEL = "-Onone";
			};
			name = Debug;
		};
		22C1656C1FDE1E6400D6DBE4 /* Release */ = {
			isa = XCBuildConfiguration;
			buildSettings = {
				ALWAYS_SEARCH_USER_PATHS = NO;
				CLANG_ANALYZER_NONNULL = YES;
				CLANG_ANALYZER_NUMBER_OBJECT_CONVERSION = YES_AGGRESSIVE;
				CLANG_CXX_LANGUAGE_STANDARD = "gnu++14";
				CLANG_CXX_LIBRARY = "libc++";
				CLANG_ENABLE_MODULES = YES;
				CLANG_ENABLE_OBJC_ARC = YES;
				CLANG_WARN_BLOCK_CAPTURE_AUTORELEASING = YES;
				CLANG_WARN_BOOL_CONVERSION = YES;
				CLANG_WARN_COMMA = YES;
				CLANG_WARN_CONSTANT_CONVERSION = YES;
				CLANG_WARN_DIRECT_OBJC_ISA_USAGE = YES_ERROR;
				CLANG_WARN_DOCUMENTATION_COMMENTS = YES;
				CLANG_WARN_EMPTY_BODY = YES;
				CLANG_WARN_ENUM_CONVERSION = YES;
				CLANG_WARN_INFINITE_RECURSION = YES;
				CLANG_WARN_INT_CONVERSION = YES;
				CLANG_WARN_NON_LITERAL_NULL_CONVERSION = YES;
				CLANG_WARN_OBJC_LITERAL_CONVERSION = YES;
				CLANG_WARN_OBJC_ROOT_CLASS = YES_ERROR;
				CLANG_WARN_RANGE_LOOP_ANALYSIS = YES;
				CLANG_WARN_STRICT_PROTOTYPES = YES;
				CLANG_WARN_SUSPICIOUS_MOVE = YES;
				CLANG_WARN_UNGUARDED_AVAILABILITY = YES_AGGRESSIVE;
				CLANG_WARN_UNREACHABLE_CODE = YES;
				CLANG_WARN__DUPLICATE_METHOD_MATCH = YES;
				CODE_SIGN_IDENTITY = "iPhone Developer";
				COPY_PHASE_STRIP = NO;
				DEBUG_INFORMATION_FORMAT = "dwarf-with-dsym";
				ENABLE_NS_ASSERTIONS = NO;
				ENABLE_STRICT_OBJC_MSGSEND = YES;
				GCC_C_LANGUAGE_STANDARD = gnu11;
				GCC_NO_COMMON_BLOCKS = YES;
				GCC_WARN_64_TO_32_BIT_CONVERSION = YES;
				GCC_WARN_ABOUT_RETURN_TYPE = YES_ERROR;
				GCC_WARN_UNDECLARED_SELECTOR = YES;
				GCC_WARN_UNINITIALIZED_AUTOS = YES_AGGRESSIVE;
				GCC_WARN_UNUSED_FUNCTION = YES;
				GCC_WARN_UNUSED_VARIABLE = YES;
				IPHONEOS_DEPLOYMENT_TARGET = 11.2;
				MTL_ENABLE_DEBUG_INFO = NO;
				SDKROOT = iphoneos;
				SWIFT_OPTIMIZATION_LEVEL = "-Owholemodule";
				VALIDATE_PRODUCT = YES;
			};
			name = Release;
		};
		22C1656E1FDE1E6400D6DBE4 /* Debug */ = {
			isa = XCBuildConfiguration;
			buildSettings = {
				ASSETCATALOG_COMPILER_APPICON_NAME = AppIcon;
				CODE_SIGN_STYLE = Automatic;
				INFOPLIST_FILE = "T01-Hashable-Footprint/Info.plist";
				LD_RUNPATH_SEARCH_PATHS = "$(inherited) @executable_path/Frameworks";
				PRODUCT_BUNDLE_IDENTIFIER = "fun.T01-Hashable-Footprint";
				PRODUCT_NAME = "$(TARGET_NAME)";
				SWIFT_VERSION = 4.0;
				TARGETED_DEVICE_FAMILY = "1,2";
			};
			name = Debug;
		};
		22C1656F1FDE1E6400D6DBE4 /* Release */ = {
			isa = XCBuildConfiguration;
			buildSettings = {
				ASSETCATALOG_COMPILER_APPICON_NAME = AppIcon;
				CODE_SIGN_STYLE = Automatic;
				INFOPLIST_FILE = "T01-Hashable-Footprint/Info.plist";
				LD_RUNPATH_SEARCH_PATHS = "$(inherited) @executable_path/Frameworks";
				PRODUCT_BUNDLE_IDENTIFIER = "fun.T01-Hashable-Footprint";
				PRODUCT_NAME = "$(TARGET_NAME)";
				SWIFT_VERSION = 4.0;
				TARGETED_DEVICE_FAMILY = "1,2";
			};
			name = Release;
		};
/* End XCBuildConfiguration section */

/* Begin XCConfigurationList section */
		22C165561FDE1E6400D6DBE4 /* Build configuration list for PBXProject "T01-Hashable-Footprint" */ = {
			isa = XCConfigurationList;
			buildConfigurations = (
				22C1656B1FDE1E6400D6DBE4 /* Debug */,
				22C1656C1FDE1E6400D6DBE4 /* Release */,
			);
			defaultConfigurationIsVisible = 0;
			defaultConfigurationName = Release;
		};
		22C1656D1FDE1E6400D6DBE4 /* Build configuration list for PBXNativeTarget "T01-Hashable-Footprint" */ = {
			isa = XCConfigurationList;
			buildConfigurations = (
				22C1656E1FDE1E6400D6DBE4 /* Debug */,
				22C1656F1FDE1E6400D6DBE4 /* Release */,
			);
			defaultConfigurationIsVisible = 0;
			defaultConfigurationName = Release;
		};
/* End XCConfigurationList section */
	};
	rootObject = 22C165531FDE1E6400D6DBE4 /* Project object */;
}
