// !$*UTF8*$!
{
	archiveVersion = 1;
	classes = {
	};
	objectVersion = 50;
	objects = {

/* Begin PBXBuildFile section */
		223E4081213D26B40032FCFD /* AppDelegate.swift in Sources */ = {isa = PBXBuildFile; fileRef = 223E4080213D26B40032FCFD /* AppDelegate.swift */; };
		223E4083213D26B40032FCFD /* ViewController.swift in Sources */ = {isa = PBXBuildFile; fileRef = 223E4082213D26B40032FCFD /* ViewController.swift */; };
		223E4086213D26B40032FCFD /* Main.storyboard in Resources */ = {isa = PBXBuildFile; fileRef = 223E4084213D26B40032FCFD /* Main.storyboard */; };
		223E4088213D26B60032FCFD /* Assets.xcassets in Resources */ = {isa = PBXBuildFile; fileRef = 223E4087213D26B60032FCFD /* Assets.xcassets */; };
		223E408B213D26B60032FCFD /* LaunchScreen.storyboard in Resources */ = {isa = PBXBuildFile; fileRef = 223E4089213D26B60032FCFD /* LaunchScreen.storyboard */; };
		223E4096213D26B60032FCFD /* AccordionListTests.swift in Sources */ = {isa = PBXBuildFile; fileRef = 223E4095213D26B60032FCFD /* AccordionListTests.swift */; };
/* End PBXBuildFile section */

/* Begin PBXContainerItemProxy section */
		223E4092213D26B60032FCFD /* PBXContainerItemProxy */ = {
			isa = PBXContainerItemProxy;
			containerPortal = 223E4075213D26B40032FCFD /* Project object */;
			proxyType = 1;
			remoteGlobalIDString = 223E407C213D26B40032FCFD;
			remoteInfo = AccordionList;
		};
/* End PBXContainerItemProxy section */

/* Begin PBXFileReference section */
		223E407D213D26B40032FCFD /* AccordionList.app */ = {isa = PBXFileReference; explicitFileType = wrapper.application; includeInIndex = 0; path = AccordionList.app; sourceTree = BUILT_PRODUCTS_DIR; };
		223E4080213D26B40032FCFD /* AppDelegate.swift */ = {isa = PBXFileReference; lastKnownFileType = sourcecode.swift; path = AppDelegate.swift; sourceTree = "<group>"; };
		223E4082213D26B40032FCFD /* ViewController.swift */ = {isa = PBXFileReference; lastKnownFileType = sourcecode.swift; path = ViewController.swift; sourceTree = "<group>"; };
		223E4085213D26B40032FCFD /* Base */ = {isa = PBXFileReference; lastKnownFileType = file.storyboard; name = Base; path = Base.lproj/Main.storyboard; sourceTree = "<group>"; };
		223E4087213D26B60032FCFD /* Assets.xcassets */ = {isa = PBXFileReference; lastKnownFileType = folder.assetcatalog; path = Assets.xcassets; sourceTree = "<group>"; };
		223E408A213D26B60032FCFD /* Base */ = {isa = PBXFileReference; lastKnownFileType = file.storyboard; name = Base; path = Base.lproj/LaunchScreen.storyboard; sourceTree = "<group>"; };
		223E408C213D26B60032FCFD /* Info.plist */ = {isa = PBXFileReference; lastKnownFileType = text.plist.xml; path = Info.plist; sourceTree = "<group>"; };
		223E4091213D26B60032FCFD /* AccordionListTests.xctest */ = {isa = PBXFileReference; explicitFileType = wrapper.cfbundle; includeInIndex = 0; path = AccordionListTests.xctest; sourceTree = BUILT_PRODUCTS_DIR; };
		223E4095213D26B60032FCFD /* AccordionListTests.swift */ = {isa = PBXFileReference; lastKnownFileType = sourcecode.swift; path = AccordionListTests.swift; sourceTree = "<group>"; };
		223E4097213D26B60032FCFD /* Info.plist */ = {isa = PBXFileReference; lastKnownFileType = text.plist.xml; path = Info.plist; sourceTree = "<group>"; };
/* End PBXFileReference section */

/* Begin PBXFrameworksBuildPhase section */
		223E407A213D26B40032FCFD /* Frameworks */ = {
			isa = PBXFrameworksBuildPhase;
			buildActionMask = 2147483647;
			files = (
			);
			runOnlyForDeploymentPostprocessing = 0;
		};
		223E408E213D26B60032FCFD /* Frameworks */ = {
			isa = PBXFrameworksBuildPhase;
			buildActionMask = 2147483647;
			files = (
			);
			runOnlyForDeploymentPostprocessing = 0;
		};
/* End PBXFrameworksBuildPhase section */

/* Begin PBXGroup section */
		223E4074213D26B40032FCFD = {
			isa = PBXGroup;
			children = (
				223E407F213D26B40032FCFD /* AccordionList */,
				223E4094213D26B60032FCFD /* AccordionListTests */,
				223E407E213D26B40032FCFD /* Products */,
			);
			sourceTree = "<group>";
		};
		223E407E213D26B40032FCFD /* Products */ = {
			isa = PBXGroup;
			children = (
				223E407D213D26B40032FCFD /* AccordionList.app */,
				223E4091213D26B60032FCFD /* AccordionListTests.xctest */,
			);
			name = Products;
			sourceTree = "<group>";
		};
		223E407F213D26B40032FCFD /* AccordionList */ = {
			isa = PBXGroup;
			children = (
				223E4080213D26B40032FCFD /* AppDelegate.swift */,
				223E4082213D26B40032FCFD /* ViewController.swift */,
				223E4084213D26B40032FCFD /* Main.storyboard */,
				223E4087213D26B60032FCFD /* Assets.xcassets */,
				223E4089213D26B60032FCFD /* LaunchScreen.storyboard */,
				223E408C213D26B60032FCFD /* Info.plist */,
			);
			path = AccordionList;
			sourceTree = "<group>";
		};
		223E4094213D26B60032FCFD /* AccordionListTests */ = {
			isa = PBXGroup;
			children = (
				223E4095213D26B60032FCFD /* AccordionListTests.swift */,
				223E4097213D26B60032FCFD /* Info.plist */,
			);
			path = AccordionListTests;
			sourceTree = "<group>";
		};
/* End PBXGroup section */

/* Begin PBXNativeTarget section */
		223E407C213D26B40032FCFD /* AccordionList */ = {
			isa = PBXNativeTarget;
			buildConfigurationList = 223E409A213D26B60032FCFD /* Build configuration list for PBXNativeTarget "AccordionList" */;
			buildPhases = (
				223E4079213D26B40032FCFD /* Sources */,
				223E407A213D26B40032FCFD /* Frameworks */,
				223E407B213D26B40032FCFD /* Resources */,
			);
			buildRules = (
			);
			dependencies = (
			);
			name = AccordionList;
			productName = AccordionList;
			productReference = 223E407D213D26B40032FCFD /* AccordionList.app */;
			productType = "com.apple.product-type.application";
		};
		223E4090213D26B60032FCFD /* AccordionListTests */ = {
			isa = PBXNativeTarget;
			buildConfigurationList = 223E409D213D26B60032FCFD /* Build configuration list for PBXNativeTarget "AccordionListTests" */;
			buildPhases = (
				223E408D213D26B60032FCFD /* Sources */,
				223E408E213D26B60032FCFD /* Frameworks */,
				223E408F213D26B60032FCFD /* Resources */,
			);
			buildRules = (
			);
			dependencies = (
				223E4093213D26B60032FCFD /* PBXTargetDependency */,
			);
			name = AccordionListTests;
			productName = AccordionListTests;
			productReference = 223E4091213D26B60032FCFD /* AccordionListTests.xctest */;
			productType = "com.apple.product-type.bundle.unit-test";
		};
/* End PBXNativeTarget section */

/* Begin PBXProject section */
		223E4075213D26B40032FCFD /* Project object */ = {
			isa = PBXProject;
			attributes = {
				LastSwiftUpdateCheck = 1000;
				LastUpgradeCheck = 1000;
				ORGANIZATIONNAME = fun;
				TargetAttributes = {
					223E407C213D26B40032FCFD = {
						CreatedOnToolsVersion = 10.0;
					};
					223E4090213D26B60032FCFD = {
						CreatedOnToolsVersion = 10.0;
						TestTargetID = 223E407C213D26B40032FCFD;
					};
				};
			};
			buildConfigurationList = 223E4078213D26B40032FCFD /* Build configuration list for PBXProject "AccordionList" */;
			compatibilityVersion = "Xcode 9.3";
			developmentRegion = en;
			hasScannedForEncodings = 0;
			knownRegions = (
				en,
				Base,
			);
			mainGroup = 223E4074213D26B40032FCFD;
			productRefGroup = 223E407E213D26B40032FCFD /* Products */;
			projectDirPath = "";
			projectRoot = "";
			targets = (
				223E407C213D26B40032FCFD /* AccordionList */,
				223E4090213D26B60032FCFD /* AccordionListTests */,
			);
		};
/* End PBXProject section */

/* Begin PBXResourcesBuildPhase section */
		223E407B213D26B40032FCFD /* Resources */ = {
			isa = PBXResourcesBuildPhase;
			buildActionMask = 2147483647;
			files = (
				223E408B213D26B60032FCFD /* LaunchScreen.storyboard in Resources */,
				223E4088213D26B60032FCFD /* Assets.xcassets in Resources */,
				223E4086213D26B40032FCFD /* Main.storyboard in Resources */,
			);
			runOnlyForDeploymentPostprocessing = 0;
		};
		223E408F213D26B60032FCFD /* Resources */ = {
			isa = PBXResourcesBuildPhase;
			buildActionMask = 2147483647;
			files = (
			);
			runOnlyForDeploymentPostprocessing = 0;
		};
/* End PBXResourcesBuildPhase section */

/* Begin PBXSourcesBuildPhase section */
		223E4079213D26B40032FCFD /* Sources */ = {
			isa = PBXSourcesBuildPhase;
			buildActionMask = 2147483647;
			files = (
				223E4083213D26B40032FCFD /* ViewController.swift in Sources */,
				223E4081213D26B40032FCFD /* AppDelegate.swift in Sources */,
			);
			runOnlyForDeploymentPostprocessing = 0;
		};
		223E408D213D26B60032FCFD /* Sources */ = {
			isa = PBXSourcesBuildPhase;
			buildActionMask = 2147483647;
			files = (
				223E4096213D26B60032FCFD /* AccordionListTests.swift in Sources */,
			);
			runOnlyForDeploymentPostprocessing = 0;
		};
/* End PBXSourcesBuildPhase section */

/* Begin PBXTargetDependency section */
		223E4093213D26B60032FCFD /* PBXTargetDependency */ = {
			isa = PBXTargetDependency;
			target = 223E407C213D26B40032FCFD /* AccordionList */;
			targetProxy = 223E4092213D26B60032FCFD /* PBXContainerItemProxy */;
		};
/* End PBXTargetDependency section */

/* Begin PBXVariantGroup section */
		223E4084213D26B40032FCFD /* Main.storyboard */ = {
			isa = PBXVariantGroup;
			children = (
				223E4085213D26B40032FCFD /* Base */,
			);
			name = Main.storyboard;
			sourceTree = "<group>";
		};
		223E4089213D26B60032FCFD /* LaunchScreen.storyboard */ = {
			isa = PBXVariantGroup;
			children = (
				223E408A213D26B60032FCFD /* Base */,
			);
			name = LaunchScreen.storyboard;
			sourceTree = "<group>";
		};
/* End PBXVariantGroup section */

/* Begin XCBuildConfiguration section */
		223E4098213D26B60032FCFD /* Debug */ = {
			isa = XCBuildConfiguration;
			buildSettings = {
				ALWAYS_SEARCH_USER_PATHS = NO;
				CLANG_ANALYZER_NONNULL = YES;
				CLANG_ANALYZER_NUMBER_OBJECT_CONVERSION = YES_AGGRESSIVE;
				CLANG_CXX_LANGUAGE_STANDARD = "gnu++14";
				CLANG_CXX_LIBRARY = "libc++";
				CLANG_ENABLE_MODULES = YES;
				CLANG_ENABLE_OBJC_ARC = YES;
				CLANG_ENABLE_OBJC_WEAK = YES;
				CLANG_WARN_BLOCK_CAPTURE_AUTORELEASING = YES;
				CLANG_WARN_BOOL_CONVERSION = YES;
				CLANG_WARN_COMMA = YES;
				CLANG_WARN_CONSTANT_CONVERSION = YES;
				CLANG_WARN_DEPRECATED_OBJC_IMPLEMENTATIONS = YES;
				CLANG_WARN_DIRECT_OBJC_ISA_USAGE = YES_ERROR;
				CLANG_WARN_DOCUMENTATION_COMMENTS = YES;
				CLANG_WARN_EMPTY_BODY = YES;
				CLANG_WARN_ENUM_CONVERSION = YES;
				CLANG_WARN_INFINITE_RECURSION = YES;
				CLANG_WARN_INT_CONVERSION = YES;
				CLANG_WARN_NON_LITERAL_NULL_CONVERSION = YES;
				CLANG_WARN_OBJC_IMPLICIT_RETAIN_SELF = YES;
				CLANG_WARN_OBJC_LITERAL_CONVERSION = YES;
				CLANG_WARN_OBJC_ROOT_CLASS = YES_ERROR;
				CLANG_WARN_RANGE_LOOP_ANALYSIS = YES;
				CLANG_WARN_STRICT_PROTOTYPES = YES;
				CLANG_WARN_SUSPICIOUS_MOVE = YES;
				CLANG_WARN_UNGUARDED_AVAILABILITY = YES_AGGRESSIVE;
				CLANG_WARN_UNREACHABLE_CODE = YES;
				CLANG_WARN__DUPLICATE_METHOD_MATCH = YES;
				CODE_SIGN_IDENTITY = "iPhone Developer";
				COPY_PHASE_STRIP = NO;
				DEBUG_INFORMATION_FORMAT = dwarf;
				ENABLE_STRICT_OBJC_MSGSEND = YES;
				ENABLE_TESTABILITY = YES;
				GCC_C_LANGUAGE_STANDARD = gnu11;
				GCC_DYNAMIC_NO_PIC = NO;
				GCC_NO_COMMON_BLOCKS = YES;
				GCC_OPTIMIZATION_LEVEL = 0;
				GCC_PREPROCESSOR_DEFINITIONS = (
					"DEBUG=1",
					"$(inherited)",
				);
				GCC_WARN_64_TO_32_BIT_CONVERSION = YES;
				GCC_WARN_ABOUT_RETURN_TYPE = YES_ERROR;
				GCC_WARN_UNDECLARED_SELECTOR = YES;
				GCC_WARN_UNINITIALIZED_AUTOS = YES_AGGRESSIVE;
				GCC_WARN_UNUSED_FUNCTION = YES;
				GCC_WARN_UNUSED_VARIABLE = YES;
				IPHONEOS_DEPLOYMENT_TARGET = 12.0;
				MTL_ENABLE_DEBUG_INFO = INCLUDE_SOURCE;
				MTL_FAST_MATH = YES;
				ONLY_ACTIVE_ARCH = YES;
				SDKROOT = iphoneos;
				SWIFT_ACTIVE_COMPILATION_CONDITIONS = DEBUG;
				SWIFT_OPTIMIZATION_LEVEL = "-Onone";
			};
			name = Debug;
		};
		223E4099213D26B60032FCFD /* Release */ = {
			isa = XCBuildConfiguration;
			buildSettings = {
				ALWAYS_SEARCH_USER_PATHS = NO;
				CLANG_ANALYZER_NONNULL = YES;
				CLANG_ANALYZER_NUMBER_OBJECT_CONVERSION = YES_AGGRESSIVE;
				CLANG_CXX_LANGUAGE_STANDARD = "gnu++14";
				CLANG_CXX_LIBRARY = "libc++";
				CLANG_ENABLE_MODULES = YES;
				CLANG_ENABLE_OBJC_ARC = YES;
				CLANG_ENABLE_OBJC_WEAK = YES;
				CLANG_WARN_BLOCK_CAPTURE_AUTORELEASING = YES;
				CLANG_WARN_BOOL_CONVERSION = YES;
				CLANG_WARN_COMMA = YES;
				CLANG_WARN_CONSTANT_CONVERSION = YES;
				CLANG_WARN_DEPRECATED_OBJC_IMPLEMENTATIONS = YES;
				CLANG_WARN_DIRECT_OBJC_ISA_USAGE = YES_ERROR;
				CLANG_WARN_DOCUMENTATION_COMMENTS = YES;
				CLANG_WARN_EMPTY_BODY = YES;
				CLANG_WARN_ENUM_CONVERSION = YES;
				CLANG_WARN_INFINITE_RECURSION = YES;
				CLANG_WARN_INT_CONVERSION = YES;
				CLANG_WARN_NON_LITERAL_NULL_CONVERSION = YES;
				CLANG_WARN_OBJC_IMPLICIT_RETAIN_SELF = YES;
				CLANG_WARN_OBJC_LITERAL_CONVERSION = YES;
				CLANG_WARN_OBJC_ROOT_CLASS = YES_ERROR;
				CLANG_WARN_RANGE_LOOP_ANALYSIS = YES;
				CLANG_WARN_STRICT_PROTOTYPES = YES;
				CLANG_WARN_SUSPICIOUS_MOVE = YES;
				CLANG_WARN_UNGUARDED_AVAILABILITY = YES_AGGRESSIVE;
				CLANG_WARN_UNREACHABLE_CODE = YES;
				CLANG_WARN__DUPLICATE_METHOD_MATCH = YES;
				CODE_SIGN_IDENTITY = "iPhone Developer";
				COPY_PHASE_STRIP = NO;
				DEBUG_INFORMATION_FORMAT = "dwarf-with-dsym";
				ENABLE_NS_ASSERTIONS = NO;
				ENABLE_STRICT_OBJC_MSGSEND = YES;
				GCC_C_LANGUAGE_STANDARD = gnu11;
				GCC_NO_COMMON_BLOCKS = YES;
				GCC_WARN_64_TO_32_BIT_CONVERSION = YES;
				GCC_WARN_ABOUT_RETURN_TYPE = YES_ERROR;
				GCC_WARN_UNDECLARED_SELECTOR = YES;
				GCC_WARN_UNINITIALIZED_AUTOS = YES_AGGRESSIVE;
				GCC_WARN_UNUSED_FUNCTION = YES;
				GCC_WARN_UNUSED_VARIABLE = YES;
				IPHONEOS_DEPLOYMENT_TARGET = 12.0;
				MTL_ENABLE_DEBUG_INFO = NO;
				MTL_FAST_MATH = YES;
				SDKROOT = iphoneos;
				SWIFT_COMPILATION_MODE = wholemodule;
				SWIFT_OPTIMIZATION_LEVEL = "-O";
				VALIDATE_PRODUCT = YES;
			};
			name = Release;
		};
		223E409B213D26B60032FCFD /* Debug */ = {
			isa = XCBuildConfiguration;
			buildSettings = {
				ASSETCATALOG_COMPILER_APPICON_NAME = AppIcon;
				CODE_SIGN_STYLE = Automatic;
				INFOPLIST_FILE = AccordionList/Info.plist;
				LD_RUNPATH_SEARCH_PATHS = (
					"$(inherited)",
					"@executable_path/Frameworks",
				);
				PRODUCT_BUNDLE_IDENTIFIER = fun.AccordionList;
				PRODUCT_NAME = "$(TARGET_NAME)";
				SWIFT_VERSION = 4.2;
				TARGETED_DEVICE_FAMILY = "1,2";
			};
			name = Debug;
		};
		223E409C213D26B60032FCFD /* Release */ = {
			isa = XCBuildConfiguration;
			buildSettings = {
				ASSETCATALOG_COMPILER_APPICON_NAME = AppIcon;
				CODE_SIGN_STYLE = Automatic;
				INFOPLIST_FILE = AccordionList/Info.plist;
				LD_RUNPATH_SEARCH_PATHS = (
					"$(inherited)",
					"@executable_path/Frameworks",
				);
				PRODUCT_BUNDLE_IDENTIFIER = fun.AccordionList;
				PRODUCT_NAME = "$(TARGET_NAME)";
				SWIFT_VERSION = 4.2;
				TARGETED_DEVICE_FAMILY = "1,2";
			};
			name = Release;
		};
		223E409E213D26B60032FCFD /* Debug */ = {
			isa = XCBuildConfiguration;
			buildSettings = {
				ALWAYS_EMBED_SWIFT_STANDARD_LIBRARIES = YES;
				BUNDLE_LOADER = "$(TEST_HOST)";
				CODE_SIGN_STYLE = Automatic;
				INFOPLIST_FILE = AccordionListTests/Info.plist;
				LD_RUNPATH_SEARCH_PATHS = (
					"$(inherited)",
					"@executable_path/Frameworks",
					"@loader_path/Frameworks",
				);
				PRODUCT_BUNDLE_IDENTIFIER = fun.AccordionListTests;
				PRODUCT_NAME = "$(TARGET_NAME)";
				SWIFT_VERSION = 4.2;
				TARGETED_DEVICE_FAMILY = "1,2";
				TEST_HOST = "$(BUILT_PRODUCTS_DIR)/AccordionList.app/AccordionList";
			};
			name = Debug;
		};
		223E409F213D26B60032FCFD /* Release */ = {
			isa = XCBuildConfiguration;
			buildSettings = {
				ALWAYS_EMBED_SWIFT_STANDARD_LIBRARIES = YES;
				BUNDLE_LOADER = "$(TEST_HOST)";
				CODE_SIGN_STYLE = Automatic;
				INFOPLIST_FILE = AccordionListTests/Info.plist;
				LD_RUNPATH_SEARCH_PATHS = (
					"$(inherited)",
					"@executable_path/Frameworks",
					"@loader_path/Frameworks",
				);
				PRODUCT_BUNDLE_IDENTIFIER = fun.AccordionListTests;
				PRODUCT_NAME = "$(TARGET_NAME)";
				SWIFT_VERSION = 4.2;
				TARGETED_DEVICE_FAMILY = "1,2";
				TEST_HOST = "$(BUILT_PRODUCTS_DIR)/AccordionList.app/AccordionList";
			};
			name = Release;
		};
/* End XCBuildConfiguration section */

/* Begin XCConfigurationList section */
		223E4078213D26B40032FCFD /* Build configuration list for PBXProject "AccordionList" */ = {
			isa = XCConfigurationList;
			buildConfigurations = (
				223E4098213D26B60032FCFD /* Debug */,
				223E4099213D26B60032FCFD /* Release */,
			);
			defaultConfigurationIsVisible = 0;
			defaultConfigurationName = Release;
		};
		223E409A213D26B60032FCFD /* Build configuration list for PBXNativeTarget "AccordionList" */ = {
			isa = XCConfigurationList;
			buildConfigurations = (
				223E409B213D26B60032FCFD /* Debug */,
				223E409C213D26B60032FCFD /* Release */,
			);
			defaultConfigurationIsVisible = 0;
			defaultConfigurationName = Release;
		};
		223E409D213D26B60032FCFD /* Build configuration list for PBXNativeTarget "AccordionListTests" */ = {
			isa = XCConfigurationList;
			buildConfigurations = (
				223E409E213D26B60032FCFD /* Debug */,
				223E409F213D26B60032FCFD /* Release */,
			);
			defaultConfigurationIsVisible = 0;
			defaultConfigurationName = Release;
		};
/* End XCConfigurationList section */
	};
	rootObject = 223E4075213D26B40032FCFD /* Project object */;
}
