// !$*UTF8*$!
{
	archiveVersion = 1;
	classes = {
	};
	objectVersion = 50;
	objects = {

/* Begin PBXBuildFile section */
		2291671C20F605EF004605AE /* AppDelegate.swift in Sources */ = {isa = PBXBuildFile; fileRef = 2291671B20F605EF004605AE /* AppDelegate.swift */; };
		2291672120F605EF004605AE /* Main.storyboard in Resources */ = {isa = PBXBuildFile; fileRef = 2291671F20F605EF004605AE /* Main.storyboard */; };
		2291672320F605F1004605AE /* Assets.xcassets in Resources */ = {isa = PBXBuildFile; fileRef = 2291672220F605F1004605AE /* Assets.xcassets */; };
		2291672620F605F1004605AE /* LaunchScreen.storyboard in Resources */ = {isa = PBXBuildFile; fileRef = 2291672420F605F1004605AE /* LaunchScreen.storyboard */; };
		2291673120F605F1004605AE /* FootprintTests.swift in Sources */ = {isa = PBXBuildFile; fileRef = 2291673020F605F1004605AE /* FootprintTests.swift */; };
		2291673C20F605F1004605AE /* FootprintUITests.swift in Sources */ = {isa = PBXBuildFile; fileRef = 2291673B20F605F1004605AE /* FootprintUITests.swift */; };
		2291674E20F6063E004605AE /* TableViewDataSource.swift in Sources */ = {isa = PBXBuildFile; fileRef = 2291674920F6063E004605AE /* TableViewDataSource.swift */; };
		2291674F20F6063E004605AE /* Store.swift in Sources */ = {isa = PBXBuildFile; fileRef = 2291674A20F6063E004605AE /* Store.swift */; };
		2291675020F6063E004605AE /* TableCityCell.swift in Sources */ = {isa = PBXBuildFile; fileRef = 2291674B20F6063E004605AE /* TableCityCell.swift */; };
		2291675120F6063E004605AE /* City.swift in Sources */ = {isa = PBXBuildFile; fileRef = 2291674C20F6063E004605AE /* City.swift */; };
		2291675220F6063E004605AE /* TableViewController.swift in Sources */ = {isa = PBXBuildFile; fileRef = 2291674D20F6063E004605AE /* TableViewController.swift */; };
/* End PBXBuildFile section */

/* Begin PBXContainerItemProxy section */
		2291672D20F605F1004605AE /* PBXContainerItemProxy */ = {
			isa = PBXContainerItemProxy;
			containerPortal = 2291671020F605EF004605AE /* Project object */;
			proxyType = 1;
			remoteGlobalIDString = 2291671720F605EF004605AE;
			remoteInfo = Footprint;
		};
		2291673820F605F1004605AE /* PBXContainerItemProxy */ = {
			isa = PBXContainerItemProxy;
			containerPortal = 2291671020F605EF004605AE /* Project object */;
			proxyType = 1;
			remoteGlobalIDString = 2291671720F605EF004605AE;
			remoteInfo = Footprint;
		};
/* End PBXContainerItemProxy section */

/* Begin PBXFileReference section */
		2291671820F605EF004605AE /* Footprint.app */ = {isa = PBXFileReference; explicitFileType = wrapper.application; includeInIndex = 0; path = Footprint.app; sourceTree = BUILT_PRODUCTS_DIR; };
		2291671B20F605EF004605AE /* AppDelegate.swift */ = {isa = PBXFileReference; lastKnownFileType = sourcecode.swift; path = AppDelegate.swift; sourceTree = "<group>"; };
		2291672020F605EF004605AE /* Base */ = {isa = PBXFileReference; lastKnownFileType = file.storyboard; name = Base; path = Base.lproj/Main.storyboard; sourceTree = "<group>"; };
		2291672220F605F1004605AE /* Assets.xcassets */ = {isa = PBXFileReference; lastKnownFileType = folder.assetcatalog; path = Assets.xcassets; sourceTree = "<group>"; };
		2291672520F605F1004605AE /* Base */ = {isa = PBXFileReference; lastKnownFileType = file.storyboard; name = Base; path = Base.lproj/LaunchScreen.storyboard; sourceTree = "<group>"; };
		2291672720F605F1004605AE /* Info.plist */ = {isa = PBXFileReference; lastKnownFileType = text.plist.xml; path = Info.plist; sourceTree = "<group>"; };
		2291672C20F605F1004605AE /* FootprintTests.xctest */ = {isa = PBXFileReference; explicitFileType = wrapper.cfbundle; includeInIndex = 0; path = FootprintTests.xctest; sourceTree = BUILT_PRODUCTS_DIR; };
		2291673020F605F1004605AE /* FootprintTests.swift */ = {isa = PBXFileReference; lastKnownFileType = sourcecode.swift; path = FootprintTests.swift; sourceTree = "<group>"; };
		2291673220F605F1004605AE /* Info.plist */ = {isa = PBXFileReference; lastKnownFileType = text.plist.xml; path = Info.plist; sourceTree = "<group>"; };
		2291673720F605F1004605AE /* FootprintUITests.xctest */ = {isa = PBXFileReference; explicitFileType = wrapper.cfbundle; includeInIndex = 0; path = FootprintUITests.xctest; sourceTree = BUILT_PRODUCTS_DIR; };
		2291673B20F605F1004605AE /* FootprintUITests.swift */ = {isa = PBXFileReference; lastKnownFileType = sourcecode.swift; path = FootprintUITests.swift; sourceTree = "<group>"; };
		2291673D20F605F1004605AE /* Info.plist */ = {isa = PBXFileReference; lastKnownFileType = text.plist.xml; path = Info.plist; sourceTree = "<group>"; };
		2291674920F6063E004605AE /* TableViewDataSource.swift */ = {isa = PBXFileReference; fileEncoding = 4; lastKnownFileType = sourcecode.swift; path = TableViewDataSource.swift; sourceTree = "<group>"; };
		2291674A20F6063E004605AE /* Store.swift */ = {isa = PBXFileReference; fileEncoding = 4; lastKnownFileType = sourcecode.swift; path = Store.swift; sourceTree = "<group>"; };
		2291674B20F6063E004605AE /* TableCityCell.swift */ = {isa = PBXFileReference; fileEncoding = 4; lastKnownFileType = sourcecode.swift; path = TableCityCell.swift; sourceTree = "<group>"; };
		2291674C20F6063E004605AE /* City.swift */ = {isa = PBXFileReference; fileEncoding = 4; lastKnownFileType = sourcecode.swift; path = City.swift; sourceTree = "<group>"; };
		2291674D20F6063E004605AE /* TableViewController.swift */ = {isa = PBXFileReference; fileEncoding = 4; lastKnownFileType = sourcecode.swift; path = TableViewController.swift; sourceTree = "<group>"; };
/* End PBXFileReference section */

/* Begin PBXFrameworksBuildPhase section */
		2291671520F605EF004605AE /* Frameworks */ = {
			isa = PBXFrameworksBuildPhase;
			buildActionMask = 2147483647;
			files = (
			);
			runOnlyForDeploymentPostprocessing = 0;
		};
		2291672920F605F1004605AE /* Frameworks */ = {
			isa = PBXFrameworksBuildPhase;
			buildActionMask = 2147483647;
			files = (
			);
			runOnlyForDeploymentPostprocessing = 0;
		};
		2291673420F605F1004605AE /* Frameworks */ = {
			isa = PBXFrameworksBuildPhase;
			buildActionMask = 2147483647;
			files = (
			);
			runOnlyForDeploymentPostprocessing = 0;
		};
/* End PBXFrameworksBuildPhase section */

/* Begin PBXGroup section */
		2291670F20F605EF004605AE = {
			isa = PBXGroup;
			children = (
				2291671A20F605EF004605AE /* Footprint */,
				2291672F20F605F1004605AE /* FootprintTests */,
				2291673A20F605F1004605AE /* FootprintUITests */,
				2291671920F605EF004605AE /* Products */,
			);
			sourceTree = "<group>";
		};
		2291671920F605EF004605AE /* Products */ = {
			isa = PBXGroup;
			children = (
				2291671820F605EF004605AE /* Footprint.app */,
				2291672C20F605F1004605AE /* FootprintTests.xctest */,
				2291673720F605F1004605AE /* FootprintUITests.xctest */,
			);
			name = Products;
			sourceTree = "<group>";
		};
		2291671A20F605EF004605AE /* Footprint */ = {
			isa = PBXGroup;
			children = (
				2291674C20F6063E004605AE /* City.swift */,
				2291674A20F6063E004605AE /* Store.swift */,
				2291674B20F6063E004605AE /* TableCityCell.swift */,
				2291674D20F6063E004605AE /* TableViewController.swift */,
				2291674920F6063E004605AE /* TableViewDataSource.swift */,
				2291671B20F605EF004605AE /* AppDelegate.swift */,
				2291671F20F605EF004605AE /* Main.storyboard */,
				2291672220F605F1004605AE /* Assets.xcassets */,
				2291672420F605F1004605AE /* LaunchScreen.storyboard */,
				2291672720F605F1004605AE /* Info.plist */,
			);
			path = Footprint;
			sourceTree = "<group>";
		};
		2291672F20F605F1004605AE /* FootprintTests */ = {
			isa = PBXGroup;
			children = (
				2291673020F605F1004605AE /* FootprintTests.swift */,
				2291673220F605F1004605AE /* Info.plist */,
			);
			path = FootprintTests;
			sourceTree = "<group>";
		};
		2291673A20F605F1004605AE /* FootprintUITests */ = {
			isa = PBXGroup;
			children = (
				2291673B20F605F1004605AE /* FootprintUITests.swift */,
				2291673D20F605F1004605AE /* Info.plist */,
			);
			path = FootprintUITests;
			sourceTree = "<group>";
		};
/* End PBXGroup section */

/* Begin PBXNativeTarget section */
		2291671720F605EF004605AE /* Footprint */ = {
			isa = PBXNativeTarget;
			buildConfigurationList = 2291674020F605F1004605AE /* Build configuration list for PBXNativeTarget "Footprint" */;
			buildPhases = (
				2291671420F605EF004605AE /* Sources */,
				2291671520F605EF004605AE /* Frameworks */,
				2291671620F605EF004605AE /* Resources */,
			);
			buildRules = (
			);
			dependencies = (
			);
			name = Footprint;
			productName = Footprint;
			productReference = 2291671820F605EF004605AE /* Footprint.app */;
			productType = "com.apple.product-type.application";
		};
		2291672B20F605F1004605AE /* FootprintTests */ = {
			isa = PBXNativeTarget;
			buildConfigurationList = 2291674320F605F1004605AE /* Build configuration list for PBXNativeTarget "FootprintTests" */;
			buildPhases = (
				2291672820F605F1004605AE /* Sources */,
				2291672920F605F1004605AE /* Frameworks */,
				2291672A20F605F1004605AE /* Resources */,
			);
			buildRules = (
			);
			dependencies = (
				2291672E20F605F1004605AE /* PBXTargetDependency */,
			);
			name = FootprintTests;
			productName = FootprintTests;
			productReference = 2291672C20F605F1004605AE /* FootprintTests.xctest */;
			productType = "com.apple.product-type.bundle.unit-test";
		};
		2291673620F605F1004605AE /* FootprintUITests */ = {
			isa = PBXNativeTarget;
			buildConfigurationList = 2291674620F605F1004605AE /* Build configuration list for PBXNativeTarget "FootprintUITests" */;
			buildPhases = (
				2291673320F605F1004605AE /* Sources */,
				2291673420F605F1004605AE /* Frameworks */,
				2291673520F605F1004605AE /* Resources */,
			);
			buildRules = (
			);
			dependencies = (
				2291673920F605F1004605AE /* PBXTargetDependency */,
			);
			name = FootprintUITests;
			productName = FootprintUITests;
			productReference = 2291673720F605F1004605AE /* FootprintUITests.xctest */;
			productType = "com.apple.product-type.bundle.ui-testing";
		};
/* End PBXNativeTarget section */

/* Begin PBXProject section */
		2291671020F605EF004605AE /* Project object */ = {
			isa = PBXProject;
			attributes = {
				LastSwiftUpdateCheck = 1000;
				LastUpgradeCheck = 1000;
				ORGANIZATIONNAME = fun;
				TargetAttributes = {
					2291671720F605EF004605AE = {
						CreatedOnToolsVersion = 10.0;
					};
					2291672B20F605F1004605AE = {
						CreatedOnToolsVersion = 10.0;
						TestTargetID = 2291671720F605EF004605AE;
					};
					2291673620F605F1004605AE = {
						CreatedOnToolsVersion = 10.0;
						TestTargetID = 2291671720F605EF004605AE;
					};
				};
			};
			buildConfigurationList = 2291671320F605EF004605AE /* Build configuration list for PBXProject "Footprint" */;
			compatibilityVersion = "Xcode 9.3";
			developmentRegion = en;
			hasScannedForEncodings = 0;
			knownRegions = (
				en,
				Base,
			);
			mainGroup = 2291670F20F605EF004605AE;
			productRefGroup = 2291671920F605EF004605AE /* Products */;
			projectDirPath = "";
			projectRoot = "";
			targets = (
				2291671720F605EF004605AE /* Footprint */,
				2291672B20F605F1004605AE /* FootprintTests */,
				2291673620F605F1004605AE /* FootprintUITests */,
			);
		};
/* End PBXProject section */

/* Begin PBXResourcesBuildPhase section */
		2291671620F605EF004605AE /* Resources */ = {
			isa = PBXResourcesBuildPhase;
			buildActionMask = 2147483647;
			files = (
				2291672620F605F1004605AE /* LaunchScreen.storyboard in Resources */,
				2291672320F605F1004605AE /* Assets.xcassets in Resources */,
				2291672120F605EF004605AE /* Main.storyboard in Resources */,
			);
			runOnlyForDeploymentPostprocessing = 0;
		};
		2291672A20F605F1004605AE /* Resources */ = {
			isa = PBXResourcesBuildPhase;
			buildActionMask = 2147483647;
			files = (
			);
			runOnlyForDeploymentPostprocessing = 0;
		};
		2291673520F605F1004605AE /* Resources */ = {
			isa = PBXResourcesBuildPhase;
			buildActionMask = 2147483647;
			files = (
			);
			runOnlyForDeploymentPostprocessing = 0;
		};
/* End PBXResourcesBuildPhase section */

/* Begin PBXSourcesBuildPhase section */
		2291671420F605EF004605AE /* Sources */ = {
			isa = PBXSourcesBuildPhase;
			buildActionMask = 2147483647;
			files = (
				2291674F20F6063E004605AE /* Store.swift in Sources */,
				2291675220F6063E004605AE /* TableViewController.swift in Sources */,
				2291675120F6063E004605AE /* City.swift in Sources */,
				2291674E20F6063E004605AE /* TableViewDataSource.swift in Sources */,
				2291671C20F605EF004605AE /* AppDelegate.swift in Sources */,
				2291675020F6063E004605AE /* TableCityCell.swift in Sources */,
			);
			runOnlyForDeploymentPostprocessing = 0;
		};
		2291672820F605F1004605AE /* Sources */ = {
			isa = PBXSourcesBuildPhase;
			buildActionMask = 2147483647;
			files = (
				2291673120F605F1004605AE /* FootprintTests.swift in Sources */,
			);
			runOnlyForDeploymentPostprocessing = 0;
		};
		2291673320F605F1004605AE /* Sources */ = {
			isa = PBXSourcesBuildPhase;
			buildActionMask = 2147483647;
			files = (
				2291673C20F605F1004605AE /* FootprintUITests.swift in Sources */,
			);
			runOnlyForDeploymentPostprocessing = 0;
		};
/* End PBXSourcesBuildPhase section */

/* Begin PBXTargetDependency section */
		2291672E20F605F1004605AE /* PBXTargetDependency */ = {
			isa = PBXTargetDependency;
			target = 2291671720F605EF004605AE /* Footprint */;
			targetProxy = 2291672D20F605F1004605AE /* PBXContainerItemProxy */;
		};
		2291673920F605F1004605AE /* PBXTargetDependency */ = {
			isa = PBXTargetDependency;
			target = 2291671720F605EF004605AE /* Footprint */;
			targetProxy = 2291673820F605F1004605AE /* PBXContainerItemProxy */;
		};
/* End PBXTargetDependency section */

/* Begin PBXVariantGroup section */
		2291671F20F605EF004605AE /* Main.storyboard */ = {
			isa = PBXVariantGroup;
			children = (
				2291672020F605EF004605AE /* Base */,
			);
			name = Main.storyboard;
			sourceTree = "<group>";
		};
		2291672420F605F1004605AE /* LaunchScreen.storyboard */ = {
			isa = PBXVariantGroup;
			children = (
				2291672520F605F1004605AE /* Base */,
			);
			name = LaunchScreen.storyboard;
			sourceTree = "<group>";
		};
/* End PBXVariantGroup section */

/* Begin XCBuildConfiguration section */
		2291673E20F605F1004605AE /* Debug */ = {
			isa = XCBuildConfiguration;
			buildSettings = {
				ALWAYS_SEARCH_USER_PATHS = NO;
				CLANG_ANALYZER_NONNULL = YES;
				CLANG_ANALYZER_NUMBER_OBJECT_CONVERSION = YES_AGGRESSIVE;
				CLANG_CXX_LANGUAGE_STANDARD = "gnu++14";
				CLANG_CXX_LIBRARY = "libc++";
				CLANG_ENABLE_MODULES = YES;
				CLANG_ENABLE_OBJC_ARC = YES;
				CLANG_ENABLE_OBJC_WEAK = YES;
				CLANG_WARN_BLOCK_CAPTURE_AUTORELEASING = YES;
				CLANG_WARN_BOOL_CONVERSION = YES;
				CLANG_WARN_COMMA = YES;
				CLANG_WARN_CONSTANT_CONVERSION = YES;
				CLANG_WARN_DEPRECATED_OBJC_IMPLEMENTATIONS = YES;
				CLANG_WARN_DIRECT_OBJC_ISA_USAGE = YES_ERROR;
				CLANG_WARN_DOCUMENTATION_COMMENTS = YES;
				CLANG_WARN_EMPTY_BODY = YES;
				CLANG_WARN_ENUM_CONVERSION = YES;
				CLANG_WARN_INFINITE_RECURSION = YES;
				CLANG_WARN_INT_CONVERSION = YES;
				CLANG_WARN_NON_LITERAL_NULL_CONVERSION = YES;
				CLANG_WARN_OBJC_IMPLICIT_RETAIN_SELF = YES;
				CLANG_WARN_OBJC_LITERAL_CONVERSION = YES;
				CLANG_WARN_OBJC_ROOT_CLASS = YES_ERROR;
				CLANG_WARN_RANGE_LOOP_ANALYSIS = YES;
				CLANG_WARN_STRICT_PROTOTYPES = YES;
				CLANG_WARN_SUSPICIOUS_MOVE = YES;
				CLANG_WARN_UNGUARDED_AVAILABILITY = YES_AGGRESSIVE;
				CLANG_WARN_UNREACHABLE_CODE = YES;
				CLANG_WARN__DUPLICATE_METHOD_MATCH = YES;
				CODE_SIGN_IDENTITY = "iPhone Developer";
				COPY_PHASE_STRIP = NO;
				DEBUG_INFORMATION_FORMAT = dwarf;
				ENABLE_STRICT_OBJC_MSGSEND = YES;
				ENABLE_TESTABILITY = YES;
				GCC_C_LANGUAGE_STANDARD = gnu11;
				GCC_DYNAMIC_NO_PIC = NO;
				GCC_NO_COMMON_BLOCKS = YES;
				GCC_OPTIMIZATION_LEVEL = 0;
				GCC_PREPROCESSOR_DEFINITIONS = (
					"DEBUG=1",
					"$(inherited)",
				);
				GCC_WARN_64_TO_32_BIT_CONVERSION = YES;
				GCC_WARN_ABOUT_RETURN_TYPE = YES_ERROR;
				GCC_WARN_UNDECLARED_SELECTOR = YES;
				GCC_WARN_UNINITIALIZED_AUTOS = YES_AGGRESSIVE;
				GCC_WARN_UNUSED_FUNCTION = YES;
				GCC_WARN_UNUSED_VARIABLE = YES;
				IPHONEOS_DEPLOYMENT_TARGET = 12.0;
				MTL_ENABLE_DEBUG_INFO = INCLUDE_SOURCE;
				ONLY_ACTIVE_ARCH = YES;
				SDKROOT = iphoneos;
				SWIFT_ACTIVE_COMPILATION_CONDITIONS = DEBUG;
				SWIFT_OPTIMIZATION_LEVEL = "-Onone";
			};
			name = Debug;
		};
		2291673F20F605F1004605AE /* Release */ = {
			isa = XCBuildConfiguration;
			buildSettings = {
				ALWAYS_SEARCH_USER_PATHS = NO;
				CLANG_ANALYZER_NONNULL = YES;
				CLANG_ANALYZER_NUMBER_OBJECT_CONVERSION = YES_AGGRESSIVE;
				CLANG_CXX_LANGUAGE_STANDARD = "gnu++14";
				CLANG_CXX_LIBRARY = "libc++";
				CLANG_ENABLE_MODULES = YES;
				CLANG_ENABLE_OBJC_ARC = YES;
				CLANG_ENABLE_OBJC_WEAK = YES;
				CLANG_WARN_BLOCK_CAPTURE_AUTORELEASING = YES;
				CLANG_WARN_BOOL_CONVERSION = YES;
				CLANG_WARN_COMMA = YES;
				CLANG_WARN_CONSTANT_CONVERSION = YES;
				CLANG_WARN_DEPRECATED_OBJC_IMPLEMENTATIONS = YES;
				CLANG_WARN_DIRECT_OBJC_ISA_USAGE = YES_ERROR;
				CLANG_WARN_DOCUMENTATION_COMMENTS = YES;
				CLANG_WARN_EMPTY_BODY = YES;
				CLANG_WARN_ENUM_CONVERSION = YES;
				CLANG_WARN_INFINITE_RECURSION = YES;
				CLANG_WARN_INT_CONVERSION = YES;
				CLANG_WARN_NON_LITERAL_NULL_CONVERSION = YES;
				CLANG_WARN_OBJC_IMPLICIT_RETAIN_SELF = YES;
				CLANG_WARN_OBJC_LITERAL_CONVERSION = YES;
				CLANG_WARN_OBJC_ROOT_CLASS = YES_ERROR;
				CLANG_WARN_RANGE_LOOP_ANALYSIS = YES;
				CLANG_WARN_STRICT_PROTOTYPES = YES;
				CLANG_WARN_SUSPICIOUS_MOVE = YES;
				CLANG_WARN_UNGUARDED_AVAILABILITY = YES_AGGRESSIVE;
				CLANG_WARN_UNREACHABLE_CODE = YES;
				CLANG_WARN__DUPLICATE_METHOD_MATCH = YES;
				CODE_SIGN_IDENTITY = "iPhone Developer";
				COPY_PHASE_STRIP = NO;
				DEBUG_INFORMATION_FORMAT = "dwarf-with-dsym";
				ENABLE_NS_ASSERTIONS = NO;
				ENABLE_STRICT_OBJC_MSGSEND = YES;
				GCC_C_LANGUAGE_STANDARD = gnu11;
				GCC_NO_COMMON_BLOCKS = YES;
				GCC_WARN_64_TO_32_BIT_CONVERSION = YES;
				GCC_WARN_ABOUT_RETURN_TYPE = YES_ERROR;
				GCC_WARN_UNDECLARED_SELECTOR = YES;
				GCC_WARN_UNINITIALIZED_AUTOS = YES_AGGRESSIVE;
				GCC_WARN_UNUSED_FUNCTION = YES;
				GCC_WARN_UNUSED_VARIABLE = YES;
				IPHONEOS_DEPLOYMENT_TARGET = 12.0;
				MTL_ENABLE_DEBUG_INFO = NO;
				SDKROOT = iphoneos;
				SWIFT_COMPILATION_MODE = wholemodule;
				SWIFT_OPTIMIZATION_LEVEL = "-O";
				VALIDATE_PRODUCT = YES;
			};
			name = Release;
		};
		2291674120F605F1004605AE /* Debug */ = {
			isa = XCBuildConfiguration;
			buildSettings = {
				ASSETCATALOG_COMPILER_APPICON_NAME = AppIcon;
				CODE_SIGN_STYLE = Automatic;
				INFOPLIST_FILE = Footprint/Info.plist;
				LD_RUNPATH_SEARCH_PATHS = (
					"$(inherited)",
					"@executable_path/Frameworks",
				);
				PRODUCT_BUNDLE_IDENTIFIER = fun.Footprint;
				PRODUCT_NAME = "$(TARGET_NAME)";
				SWIFT_VERSION = 4.2;
				TARGETED_DEVICE_FAMILY = "1,2";
			};
			name = Debug;
		};
		2291674220F605F1004605AE /* Release */ = {
			isa = XCBuildConfiguration;
			buildSettings = {
				ASSETCATALOG_COMPILER_APPICON_NAME = AppIcon;
				CODE_SIGN_STYLE = Automatic;
				INFOPLIST_FILE = Footprint/Info.plist;
				LD_RUNPATH_SEARCH_PATHS = (
					"$(inherited)",
					"@executable_path/Frameworks",
				);
				PRODUCT_BUNDLE_IDENTIFIER = fun.Footprint;
				PRODUCT_NAME = "$(TARGET_NAME)";
				SWIFT_VERSION = 4.2;
				TARGETED_DEVICE_FAMILY = "1,2";
			};
			name = Release;
		};
		2291674420F605F1004605AE /* Debug */ = {
			isa = XCBuildConfiguration;
			buildSettings = {
				ALWAYS_EMBED_SWIFT_STANDARD_LIBRARIES = YES;
				BUNDLE_LOADER = "$(TEST_HOST)";
				CODE_SIGN_STYLE = Automatic;
				INFOPLIST_FILE = FootprintTests/Info.plist;
				LD_RUNPATH_SEARCH_PATHS = (
					"$(inherited)",
					"@executable_path/Frameworks",
					"@loader_path/Frameworks",
				);
				PRODUCT_BUNDLE_IDENTIFIER = fun.FootprintTests;
				PRODUCT_NAME = "$(TARGET_NAME)";
				SWIFT_VERSION = 4.2;
				TARGETED_DEVICE_FAMILY = "1,2";
				TEST_HOST = "$(BUILT_PRODUCTS_DIR)/Footprint.app/Footprint";
			};
			name = Debug;
		};
		2291674520F605F1004605AE /* Release */ = {
			isa = XCBuildConfiguration;
			buildSettings = {
				ALWAYS_EMBED_SWIFT_STANDARD_LIBRARIES = YES;
				BUNDLE_LOADER = "$(TEST_HOST)";
				CODE_SIGN_STYLE = Automatic;
				INFOPLIST_FILE = FootprintTests/Info.plist;
				LD_RUNPATH_SEARCH_PATHS = (
					"$(inherited)",
					"@executable_path/Frameworks",
					"@loader_path/Frameworks",
				);
				PRODUCT_BUNDLE_IDENTIFIER = fun.FootprintTests;
				PRODUCT_NAME = "$(TARGET_NAME)";
				SWIFT_VERSION = 4.2;
				TARGETED_DEVICE_FAMILY = "1,2";
				TEST_HOST = "$(BUILT_PRODUCTS_DIR)/Footprint.app/Footprint";
			};
			name = Release;
		};
		2291674720F605F1004605AE /* Debug */ = {
			isa = XCBuildConfiguration;
			buildSettings = {
				ALWAYS_EMBED_SWIFT_STANDARD_LIBRARIES = YES;
				CODE_SIGN_STYLE = Automatic;
				INFOPLIST_FILE = FootprintUITests/Info.plist;
				LD_RUNPATH_SEARCH_PATHS = (
					"$(inherited)",
					"@executable_path/Frameworks",
					"@loader_path/Frameworks",
				);
				PRODUCT_BUNDLE_IDENTIFIER = fun.FootprintUITests;
				PRODUCT_NAME = "$(TARGET_NAME)";
				SWIFT_VERSION = 4.2;
				TARGETED_DEVICE_FAMILY = "1,2";
				TEST_TARGET_NAME = Footprint;
			};
			name = Debug;
		};
		2291674820F605F1004605AE /* Release */ = {
			isa = XCBuildConfiguration;
			buildSettings = {
				ALWAYS_EMBED_SWIFT_STANDARD_LIBRARIES = YES;
				CODE_SIGN_STYLE = Automatic;
				INFOPLIST_FILE = FootprintUITests/Info.plist;
				LD_RUNPATH_SEARCH_PATHS = (
					"$(inherited)",
					"@executable_path/Frameworks",
					"@loader_path/Frameworks",
				);
				PRODUCT_BUNDLE_IDENTIFIER = fun.FootprintUITests;
				PRODUCT_NAME = "$(TARGET_NAME)";
				SWIFT_VERSION = 4.2;
				TARGETED_DEVICE_FAMILY = "1,2";
				TEST_TARGET_NAME = Footprint;
			};
			name = Release;
		};
/* End XCBuildConfiguration section */

/* Begin XCConfigurationList section */
		2291671320F605EF004605AE /* Build configuration list for PBXProject "Footprint" */ = {
			isa = XCConfigurationList;
			buildConfigurations = (
				2291673E20F605F1004605AE /* Debug */,
				2291673F20F605F1004605AE /* Release */,
			);
			defaultConfigurationIsVisible = 0;
			defaultConfigurationName = Release;
		};
		2291674020F605F1004605AE /* Build configuration list for PBXNativeTarget "Footprint" */ = {
			isa = XCConfigurationList;
			buildConfigurations = (
				2291674120F605F1004605AE /* Debug */,
				2291674220F605F1004605AE /* Release */,
			);
			defaultConfigurationIsVisible = 0;
			defaultConfigurationName = Release;
		};
		2291674320F605F1004605AE /* Build configuration list for PBXNativeTarget "FootprintTests" */ = {
			isa = XCConfigurationList;
			buildConfigurations = (
				2291674420F605F1004605AE /* Debug */,
				2291674520F605F1004605AE /* Release */,
			);
			defaultConfigurationIsVisible = 0;
			defaultConfigurationName = Release;
		};
		2291674620F605F1004605AE /* Build configuration list for PBXNativeTarget "FootprintUITests" */ = {
			isa = XCConfigurationList;
			buildConfigurations = (
				2291674720F605F1004605AE /* Debug */,
				2291674820F605F1004605AE /* Release */,
			);
			defaultConfigurationIsVisible = 0;
			defaultConfigurationName = Release;
		};
/* End XCConfigurationList section */
	};
	rootObject = 2291671020F605EF004605AE /* Project object */;
}
