// !$*UTF8*$!
{
	archiveVersion = 1;
	classes = {
	};
	objectVersion = 50;
	objects = {

/* Begin PBXBuildFile section */
		22278B95209566150023B8AC /* AppDelegate.swift in Sources */ = {isa = PBXBuildFile; fileRef = 22278B94209566150023B8AC /* AppDelegate.swift */; };
		22278B97209566150023B8AC /* ViewController.swift in Sources */ = {isa = PBXBuildFile; fileRef = 22278B96209566150023B8AC /* ViewController.swift */; };
		22278B9A209566150023B8AC /* Main.storyboard in Resources */ = {isa = PBXBuildFile; fileRef = 22278B98209566150023B8AC /* Main.storyboard */; };
		22278B9C209566160023B8AC /* Assets.xcassets in Resources */ = {isa = PBXBuildFile; fileRef = 22278B9B209566160023B8AC /* Assets.xcassets */; };
		22278B9F209566160023B8AC /* LaunchScreen.storyboard in Resources */ = {isa = PBXBuildFile; fileRef = 22278B9D209566160023B8AC /* LaunchScreen.storyboard */; };
		22278BA7209567D30023B8AC /* NSObjectProtocol+Thinker.swift in Sources */ = {isa = PBXBuildFile; fileRef = 22278BA6209567D30023B8AC /* NSObjectProtocol+Thinker.swift */; };
		22278BA920956FBD0023B8AC /* User.swift in Sources */ = {isa = PBXBuildFile; fileRef = 22278BA820956FBD0023B8AC /* User.swift */; };
/* End PBXBuildFile section */

/* Begin PBXFileReference section */
		22278B91209566150023B8AC /* T04-KeyPath-KVO.app */ = {isa = PBXFileReference; explicitFileType = wrapper.application; includeInIndex = 0; path = "T04-KeyPath-KVO.app"; sourceTree = BUILT_PRODUCTS_DIR; };
		22278B94209566150023B8AC /* AppDelegate.swift */ = {isa = PBXFileReference; lastKnownFileType = sourcecode.swift; path = AppDelegate.swift; sourceTree = "<group>"; };
		22278B96209566150023B8AC /* ViewController.swift */ = {isa = PBXFileReference; lastKnownFileType = sourcecode.swift; path = ViewController.swift; sourceTree = "<group>"; };
		22278B99209566150023B8AC /* Base */ = {isa = PBXFileReference; lastKnownFileType = file.storyboard; name = Base; path = Base.lproj/Main.storyboard; sourceTree = "<group>"; };
		22278B9B209566160023B8AC /* Assets.xcassets */ = {isa = PBXFileReference; lastKnownFileType = folder.assetcatalog; path = Assets.xcassets; sourceTree = "<group>"; };
		22278B9E209566160023B8AC /* Base */ = {isa = PBXFileReference; lastKnownFileType = file.storyboard; name = Base; path = Base.lproj/LaunchScreen.storyboard; sourceTree = "<group>"; };
		22278BA0209566160023B8AC /* Info.plist */ = {isa = PBXFileReference; lastKnownFileType = text.plist.xml; path = Info.plist; sourceTree = "<group>"; };
		22278BA6209567D30023B8AC /* NSObjectProtocol+Thinker.swift */ = {isa = PBXFileReference; lastKnownFileType = sourcecode.swift; path = "NSObjectProtocol+Thinker.swift"; sourceTree = "<group>"; };
		22278BA820956FBD0023B8AC /* User.swift */ = {isa = PBXFileReference; lastKnownFileType = sourcecode.swift; path = User.swift; sourceTree = "<group>"; };
/* End PBXFileReference section */

/* Begin PBXFrameworksBuildPhase section */
		22278B8E209566150023B8AC /* Frameworks */ = {
			isa = PBXFrameworksBuildPhase;
			buildActionMask = 2147483647;
			files = (
			);
			runOnlyForDeploymentPostprocessing = 0;
		};
/* End PBXFrameworksBuildPhase section */

/* Begin PBXGroup section */
		22278B88209566150023B8AC = {
			isa = PBXGroup;
			children = (
				22278B93209566150023B8AC /* T04-KeyPath-KVO */,
				22278B92209566150023B8AC /* Products */,
			);
			sourceTree = "<group>";
		};
		22278B92209566150023B8AC /* Products */ = {
			isa = PBXGroup;
			children = (
				22278B91209566150023B8AC /* T04-KeyPath-KVO.app */,
			);
			name = Products;
			sourceTree = "<group>";
		};
		22278B93209566150023B8AC /* T04-KeyPath-KVO */ = {
			isa = PBXGroup;
			children = (
				22278B94209566150023B8AC /* AppDelegate.swift */,
				22278BA6209567D30023B8AC /* NSObjectProtocol+Thinker.swift */,
				22278BA820956FBD0023B8AC /* User.swift */,
				22278B96209566150023B8AC /* ViewController.swift */,
				22278B98209566150023B8AC /* Main.storyboard */,
				22278B9B209566160023B8AC /* Assets.xcassets */,
				22278B9D209566160023B8AC /* LaunchScreen.storyboard */,
				22278BA0209566160023B8AC /* Info.plist */,
			);
			path = "T04-KeyPath-KVO";
			sourceTree = "<group>";
		};
/* End PBXGroup section */

/* Begin PBXNativeTarget section */
		22278B90209566150023B8AC /* T04-KeyPath-KVO */ = {
			isa = PBXNativeTarget;
			buildConfigurationList = 22278BA3209566160023B8AC /* Build configuration list for PBXNativeTarget "T04-KeyPath-KVO" */;
			buildPhases = (
				22278B8D209566150023B8AC /* Sources */,
				22278B8E209566150023B8AC /* Frameworks */,
				22278B8F209566150023B8AC /* Resources */,
			);
			buildRules = (
			);
			dependencies = (
			);
			name = "T04-KeyPath-KVO";
			productName = "T04-KeyPath-KVO";
			productReference = 22278B91209566150023B8AC /* T04-KeyPath-KVO.app */;
			productType = "com.apple.product-type.application";
		};
/* End PBXNativeTarget section */

/* Begin PBXProject section */
		22278B89209566150023B8AC /* Project object */ = {
			isa = PBXProject;
			attributes = {
				LastSwiftUpdateCheck = 0930;
				LastUpgradeCheck = 0930;
				ORGANIZATIONNAME = fun;
				TargetAttributes = {
					22278B90209566150023B8AC = {
						CreatedOnToolsVersion = 9.3;
					};
				};
			};
			buildConfigurationList = 22278B8C209566150023B8AC /* Build configuration list for PBXProject "T04-KeyPath-KVO" */;
			compatibilityVersion = "Xcode 9.3";
			developmentRegion = en;
			hasScannedForEncodings = 0;
			knownRegions = (
				en,
				Base,
			);
			mainGroup = 22278B88209566150023B8AC;
			productRefGroup = 22278B92209566150023B8AC /* Products */;
			projectDirPath = "";
			projectRoot = "";
			targets = (
				22278B90209566150023B8AC /* T04-KeyPath-KVO */,
			);
		};
/* End PBXProject section */

/* Begin PBXResourcesBuildPhase section */
		22278B8F209566150023B8AC /* Resources */ = {
			isa = PBXResourcesBuildPhase;
			buildActionMask = 2147483647;
			files = (
				22278B9F209566160023B8AC /* LaunchScreen.storyboard in Resources */,
				22278B9C209566160023B8AC /* Assets.xcassets in Resources */,
				22278B9A209566150023B8AC /* Main.storyboard in Resources */,
			);
			runOnlyForDeploymentPostprocessing = 0;
		};
/* End PBXResourcesBuildPhase section */

/* Begin PBXSourcesBuildPhase section */
		22278B8D209566150023B8AC /* Sources */ = {
			isa = PBXSourcesBuildPhase;
			buildActionMask = 2147483647;
			files = (
				22278BA920956FBD0023B8AC /* User.swift in Sources */,
				22278B97209566150023B8AC /* ViewController.swift in Sources */,
				22278BA7209567D30023B8AC /* NSObjectProtocol+Thinker.swift in Sources */,
				22278B95209566150023B8AC /* AppDelegate.swift in Sources */,
			);
			runOnlyForDeploymentPostprocessing = 0;
		};
/* End PBXSourcesBuildPhase section */

/* Begin PBXVariantGroup section */
		22278B98209566150023B8AC /* Main.storyboard */ = {
			isa = PBXVariantGroup;
			children = (
				22278B99209566150023B8AC /* Base */,
			);
			name = Main.storyboard;
			sourceTree = "<group>";
		};
		22278B9D209566160023B8AC /* LaunchScreen.storyboard */ = {
			isa = PBXVariantGroup;
			children = (
				22278B9E209566160023B8AC /* Base */,
			);
			name = LaunchScreen.storyboard;
			sourceTree = "<group>";
		};
/* End PBXVariantGroup section */

/* Begin XCBuildConfiguration section */
		22278BA1209566160023B8AC /* Debug */ = {
			isa = XCBuildConfiguration;
			buildSettings = {
				ALWAYS_SEARCH_USER_PATHS = NO;
				CLANG_ANALYZER_NONNULL = YES;
				CLANG_ANALYZER_NUMBER_OBJECT_CONVERSION = YES_AGGRESSIVE;
				CLANG_CXX_LANGUAGE_STANDARD = "gnu++14";
				CLANG_CXX_LIBRARY = "libc++";
				CLANG_ENABLE_MODULES = YES;
				CLANG_ENABLE_OBJC_ARC = YES;
				CLANG_ENABLE_OBJC_WEAK = YES;
				CLANG_WARN_BLOCK_CAPTURE_AUTORELEASING = YES;
				CLANG_WARN_BOOL_CONVERSION = YES;
				CLANG_WARN_COMMA = YES;
				CLANG_WARN_CONSTANT_CONVERSION = YES;
				CLANG_WARN_DEPRECATED_OBJC_IMPLEMENTATIONS = YES;
				CLANG_WARN_DIRECT_OBJC_ISA_USAGE = YES_ERROR;
				CLANG_WARN_DOCUMENTATION_COMMENTS = YES;
				CLANG_WARN_EMPTY_BODY = YES;
				CLANG_WARN_ENUM_CONVERSION = YES;
				CLANG_WARN_INFINITE_RECURSION = YES;
				CLANG_WARN_INT_CONVERSION = YES;
				CLANG_WARN_NON_LITERAL_NULL_CONVERSION = YES;
				CLANG_WARN_OBJC_IMPLICIT_RETAIN_SELF = YES;
				CLANG_WARN_OBJC_LITERAL_CONVERSION = YES;
				CLANG_WARN_OBJC_ROOT_CLASS = YES_ERROR;
				CLANG_WARN_RANGE_LOOP_ANALYSIS = YES;
				CLANG_WARN_STRICT_PROTOTYPES = YES;
				CLANG_WARN_SUSPICIOUS_MOVE = YES;
				CLANG_WARN_UNGUARDED_AVAILABILITY = YES_AGGRESSIVE;
				CLANG_WARN_UNREACHABLE_CODE = YES;
				CLANG_WARN__DUPLICATE_METHOD_MATCH = YES;
				CODE_SIGN_IDENTITY = "iPhone Developer";
				COPY_PHASE_STRIP = NO;
				DEBUG_INFORMATION_FORMAT = dwarf;
				ENABLE_STRICT_OBJC_MSGSEND = YES;
				ENABLE_TESTABILITY = YES;
				GCC_C_LANGUAGE_STANDARD = gnu11;
				GCC_DYNAMIC_NO_PIC = NO;
				GCC_NO_COMMON_BLOCKS = YES;
				GCC_OPTIMIZATION_LEVEL = 0;
				GCC_PREPROCESSOR_DEFINITIONS = (
					"DEBUG=1",
					"$(inherited)",
				);
				GCC_WARN_64_TO_32_BIT_CONVERSION = YES;
				GCC_WARN_ABOUT_RETURN_TYPE = YES_ERROR;
				GCC_WARN_UNDECLARED_SELECTOR = YES;
				GCC_WARN_UNINITIALIZED_AUTOS = YES_AGGRESSIVE;
				GCC_WARN_UNUSED_FUNCTION = YES;
				GCC_WARN_UNUSED_VARIABLE = YES;
				IPHONEOS_DEPLOYMENT_TARGET = 11.3;
				MTL_ENABLE_DEBUG_INFO = YES;
				ONLY_ACTIVE_ARCH = YES;
				SDKROOT = iphoneos;
				SWIFT_ACTIVE_COMPILATION_CONDITIONS = DEBUG;
				SWIFT_OPTIMIZATION_LEVEL = "-Onone";
			};
			name = Debug;
		};
		22278BA2209566160023B8AC /* Release */ = {
			isa = XCBuildConfiguration;
			buildSettings = {
				ALWAYS_SEARCH_USER_PATHS = NO;
				CLANG_ANALYZER_NONNULL = YES;
				CLANG_ANALYZER_NUMBER_OBJECT_CONVERSION = YES_AGGRESSIVE;
				CLANG_CXX_LANGUAGE_STANDARD = "gnu++14";
				CLANG_CXX_LIBRARY = "libc++";
				CLANG_ENABLE_MODULES = YES;
				CLANG_ENABLE_OBJC_ARC = YES;
				CLANG_ENABLE_OBJC_WEAK = YES;
				CLANG_WARN_BLOCK_CAPTURE_AUTORELEASING = YES;
				CLANG_WARN_BOOL_CONVERSION = YES;
				CLANG_WARN_COMMA = YES;
				CLANG_WARN_CONSTANT_CONVERSION = YES;
				CLANG_WARN_DEPRECATED_OBJC_IMPLEMENTATIONS = YES;
				CLANG_WARN_DIRECT_OBJC_ISA_USAGE = YES_ERROR;
				CLANG_WARN_DOCUMENTATION_COMMENTS = YES;
				CLANG_WARN_EMPTY_BODY = YES;
				CLANG_WARN_ENUM_CONVERSION = YES;
				CLANG_WARN_INFINITE_RECURSION = YES;
				CLANG_WARN_INT_CONVERSION = YES;
				CLANG_WARN_NON_LITERAL_NULL_CONVERSION = YES;
				CLANG_WARN_OBJC_IMPLICIT_RETAIN_SELF = YES;
				CLANG_WARN_OBJC_LITERAL_CONVERSION = YES;
				CLANG_WARN_OBJC_ROOT_CLASS = YES_ERROR;
				CLANG_WARN_RANGE_LOOP_ANALYSIS = YES;
				CLANG_WARN_STRICT_PROTOTYPES = YES;
				CLANG_WARN_SUSPICIOUS_MOVE = YES;
				CLANG_WARN_UNGUARDED_AVAILABILITY = YES_AGGRESSIVE;
				CLANG_WARN_UNREACHABLE_CODE = YES;
				CLANG_WARN__DUPLICATE_METHOD_MATCH = YES;
				CODE_SIGN_IDENTITY = "iPhone Developer";
				COPY_PHASE_STRIP = NO;
				DEBUG_INFORMATION_FORMAT = "dwarf-with-dsym";
				ENABLE_NS_ASSERTIONS = NO;
				ENABLE_STRICT_OBJC_MSGSEND = YES;
				GCC_C_LANGUAGE_STANDARD = gnu11;
				GCC_NO_COMMON_BLOCKS = YES;
				GCC_WARN_64_TO_32_BIT_CONVERSION = YES;
				GCC_WARN_ABOUT_RETURN_TYPE = YES_ERROR;
				GCC_WARN_UNDECLARED_SELECTOR = YES;
				GCC_WARN_UNINITIALIZED_AUTOS = YES_AGGRESSIVE;
				GCC_WARN_UNUSED_FUNCTION = YES;
				GCC_WARN_UNUSED_VARIABLE = YES;
				IPHONEOS_DEPLOYMENT_TARGET = 11.3;
				MTL_ENABLE_DEBUG_INFO = NO;
				SDKROOT = iphoneos;
				SWIFT_COMPILATION_MODE = wholemodule;
				SWIFT_OPTIMIZATION_LEVEL = "-O";
				VALIDATE_PRODUCT = YES;
			};
			name = Release;
		};
		22278BA4209566160023B8AC /* Debug */ = {
			isa = XCBuildConfiguration;
			buildSettings = {
				ASSETCATALOG_COMPILER_APPICON_NAME = AppIcon;
				CODE_SIGN_STYLE = Automatic;
				INFOPLIST_FILE = "T04-KeyPath-KVO/Info.plist";
				LD_RUNPATH_SEARCH_PATHS = (
					"$(inherited)",
					"@executable_path/Frameworks",
				);
				PRODUCT_BUNDLE_IDENTIFIER = "fun.T04-KeyPath-KVO";
				PRODUCT_NAME = "$(TARGET_NAME)";
				SWIFT_VERSION = 4.0;
				TARGETED_DEVICE_FAMILY = "1,2";
			};
			name = Debug;
		};
		22278BA5209566160023B8AC /* Release */ = {
			isa = XCBuildConfiguration;
			buildSettings = {
				ASSETCATALOG_COMPILER_APPICON_NAME = AppIcon;
				CODE_SIGN_STYLE = Automatic;
				INFOPLIST_FILE = "T04-KeyPath-KVO/Info.plist";
				LD_RUNPATH_SEARCH_PATHS = (
					"$(inherited)",
					"@executable_path/Frameworks",
				);
				PRODUCT_BUNDLE_IDENTIFIER = "fun.T04-KeyPath-KVO";
				PRODUCT_NAME = "$(TARGET_NAME)";
				SWIFT_VERSION = 4.0;
				TARGETED_DEVICE_FAMILY = "1,2";
			};
			name = Release;
		};
/* End XCBuildConfiguration section */

/* Begin XCConfigurationList section */
		22278B8C209566150023B8AC /* Build configuration list for PBXProject "T04-KeyPath-KVO" */ = {
			isa = XCConfigurationList;
			buildConfigurations = (
				22278BA1209566160023B8AC /* Debug */,
				22278BA2209566160023B8AC /* Release */,
			);
			defaultConfigurationIsVisible = 0;
			defaultConfigurationName = Release;
		};
		22278BA3209566160023B8AC /* Build configuration list for PBXNativeTarget "T04-KeyPath-KVO" */ = {
			isa = XCConfigurationList;
			buildConfigurations = (
				22278BA4209566160023B8AC /* Debug */,
				22278BA5209566160023B8AC /* Release */,
			);
			defaultConfigurationIsVisible = 0;
			defaultConfigurationName = Release;
		};
/* End XCConfigurationList section */
	};
	rootObject = 22278B89209566150023B8AC /* Project object */;
}
