// !$*UTF8*$!
{
	archiveVersion = 1;
	classes = {
	};
	objectVersion = 50;
	objects = {

/* Begin PBXBuildFile section */
		22938E2220F60D2200D0EB7A /* AppDelegate.swift in Sources */ = {isa = PBXBuildFile; fileRef = 22938E2120F60D2200D0EB7A /* AppDelegate.swift */; };
		22938E2420F60D2200D0EB7A /* ViewController.swift in Sources */ = {isa = PBXBuildFile; fileRef = 22938E2320F60D2200D0EB7A /* ViewController.swift */; };
		22938E2720F60D2200D0EB7A /* Main.storyboard in Resources */ = {isa = PBXBuildFile; fileRef = 22938E2520F60D2200D0EB7A /* Main.storyboard */; };
		22938E2920F60D2300D0EB7A /* Assets.xcassets in Resources */ = {isa = PBXBuildFile; fileRef = 22938E2820F60D2300D0EB7A /* Assets.xcassets */; };
		22938E2C20F60D2300D0EB7A /* LaunchScreen.storyboard in Resources */ = {isa = PBXBuildFile; fileRef = 22938E2A20F60D2300D0EB7A /* LaunchScreen.storyboard */; };
		22938E3720F60D2300D0EB7A /* CoolUserDefaultsTests.swift in Sources */ = {isa = PBXBuildFile; fileRef = 22938E3620F60D2300D0EB7A /* CoolUserDefaultsTests.swift */; };
		22938E4220F60D2300D0EB7A /* CoolUserDefaultsUITests.swift in Sources */ = {isa = PBXBuildFile; fileRef = 22938E4120F60D2300D0EB7A /* CoolUserDefaultsUITests.swift */; };
		22938E5020F60D4C00D0EB7A /* CoolUserDefaults.swift in Sources */ = {isa = PBXBuildFile; fileRef = 22938E4F20F60D4B00D0EB7A /* CoolUserDefaults.swift */; };
/* End PBXBuildFile section */

/* Begin PBXContainerItemProxy section */
		22938E3320F60D2300D0EB7A /* PBXContainerItemProxy */ = {
			isa = PBXContainerItemProxy;
			containerPortal = 22938E1620F60D2100D0EB7A /* Project object */;
			proxyType = 1;
			remoteGlobalIDString = 22938E1D20F60D2100D0EB7A;
			remoteInfo = CoolUserDefaults;
		};
		22938E3E20F60D2300D0EB7A /* PBXContainerItemProxy */ = {
			isa = PBXContainerItemProxy;
			containerPortal = 22938E1620F60D2100D0EB7A /* Project object */;
			proxyType = 1;
			remoteGlobalIDString = 22938E1D20F60D2100D0EB7A;
			remoteInfo = CoolUserDefaults;
		};
/* End PBXContainerItemProxy section */

/* Begin PBXFileReference section */
		22938E1E20F60D2100D0EB7A /* CoolUserDefaults.app */ = {isa = PBXFileReference; explicitFileType = wrapper.application; includeInIndex = 0; path = CoolUserDefaults.app; sourceTree = BUILT_PRODUCTS_DIR; };
		22938E2120F60D2200D0EB7A /* AppDelegate.swift */ = {isa = PBXFileReference; lastKnownFileType = sourcecode.swift; path = AppDelegate.swift; sourceTree = "<group>"; };
		22938E2320F60D2200D0EB7A /* ViewController.swift */ = {isa = PBXFileReference; lastKnownFileType = sourcecode.swift; path = ViewController.swift; sourceTree = "<group>"; };
		22938E2620F60D2200D0EB7A /* Base */ = {isa = PBXFileReference; lastKnownFileType = file.storyboard; name = Base; path = Base.lproj/Main.storyboard; sourceTree = "<group>"; };
		22938E2820F60D2300D0EB7A /* Assets.xcassets */ = {isa = PBXFileReference; lastKnownFileType = folder.assetcatalog; path = Assets.xcassets; sourceTree = "<group>"; };
		22938E2B20F60D2300D0EB7A /* Base */ = {isa = PBXFileReference; lastKnownFileType = file.storyboard; name = Base; path = Base.lproj/LaunchScreen.storyboard; sourceTree = "<group>"; };
		22938E2D20F60D2300D0EB7A /* Info.plist */ = {isa = PBXFileReference; lastKnownFileType = text.plist.xml; path = Info.plist; sourceTree = "<group>"; };
		22938E3220F60D2300D0EB7A /* CoolUserDefaultsTests.xctest */ = {isa = PBXFileReference; explicitFileType = wrapper.cfbundle; includeInIndex = 0; path = CoolUserDefaultsTests.xctest; sourceTree = BUILT_PRODUCTS_DIR; };
		22938E3620F60D2300D0EB7A /* CoolUserDefaultsTests.swift */ = {isa = PBXFileReference; lastKnownFileType = sourcecode.swift; path = CoolUserDefaultsTests.swift; sourceTree = "<group>"; };
		22938E3820F60D2300D0EB7A /* Info.plist */ = {isa = PBXFileReference; lastKnownFileType = text.plist.xml; path = Info.plist; sourceTree = "<group>"; };
		22938E3D20F60D2300D0EB7A /* CoolUserDefaultsUITests.xctest */ = {isa = PBXFileReference; explicitFileType = wrapper.cfbundle; includeInIndex = 0; path = CoolUserDefaultsUITests.xctest; sourceTree = BUILT_PRODUCTS_DIR; };
		22938E4120F60D2300D0EB7A /* CoolUserDefaultsUITests.swift */ = {isa = PBXFileReference; lastKnownFileType = sourcecode.swift; path = CoolUserDefaultsUITests.swift; sourceTree = "<group>"; };
		22938E4320F60D2300D0EB7A /* Info.plist */ = {isa = PBXFileReference; lastKnownFileType = text.plist.xml; path = Info.plist; sourceTree = "<group>"; };
		22938E4F20F60D4B00D0EB7A /* CoolUserDefaults.swift */ = {isa = PBXFileReference; fileEncoding = 4; lastKnownFileType = sourcecode.swift; path = CoolUserDefaults.swift; sourceTree = "<group>"; };
/* End PBXFileReference section */

/* Begin PBXFrameworksBuildPhase section */
		22938E1B20F60D2100D0EB7A /* Frameworks */ = {
			isa = PBXFrameworksBuildPhase;
			buildActionMask = 2147483647;
			files = (
			);
			runOnlyForDeploymentPostprocessing = 0;
		};
		22938E2F20F60D2300D0EB7A /* Frameworks */ = {
			isa = PBXFrameworksBuildPhase;
			buildActionMask = 2147483647;
			files = (
			);
			runOnlyForDeploymentPostprocessing = 0;
		};
		22938E3A20F60D2300D0EB7A /* Frameworks */ = {
			isa = PBXFrameworksBuildPhase;
			buildActionMask = 2147483647;
			files = (
			);
			runOnlyForDeploymentPostprocessing = 0;
		};
/* End PBXFrameworksBuildPhase section */

/* Begin PBXGroup section */
		22938E1520F60D2100D0EB7A = {
			isa = PBXGroup;
			children = (
				22938E2020F60D2100D0EB7A /* CoolUserDefaults */,
				22938E3520F60D2300D0EB7A /* CoolUserDefaultsTests */,
				22938E4020F60D2300D0EB7A /* CoolUserDefaultsUITests */,
				22938E1F20F60D2100D0EB7A /* Products */,
			);
			sourceTree = "<group>";
		};
		22938E1F20F60D2100D0EB7A /* Products */ = {
			isa = PBXGroup;
			children = (
				22938E1E20F60D2100D0EB7A /* CoolUserDefaults.app */,
				22938E3220F60D2300D0EB7A /* CoolUserDefaultsTests.xctest */,
				22938E3D20F60D2300D0EB7A /* CoolUserDefaultsUITests.xctest */,
			);
			name = Products;
			sourceTree = "<group>";
		};
		22938E2020F60D2100D0EB7A /* CoolUserDefaults */ = {
			isa = PBXGroup;
			children = (
				22938E2120F60D2200D0EB7A /* AppDelegate.swift */,
				22938E4F20F60D4B00D0EB7A /* CoolUserDefaults.swift */,
				22938E2320F60D2200D0EB7A /* ViewController.swift */,
				22938E2520F60D2200D0EB7A /* Main.storyboard */,
				22938E2820F60D2300D0EB7A /* Assets.xcassets */,
				22938E2A20F60D2300D0EB7A /* LaunchScreen.storyboard */,
				22938E2D20F60D2300D0EB7A /* Info.plist */,
			);
			path = CoolUserDefaults;
			sourceTree = "<group>";
		};
		22938E3520F60D2300D0EB7A /* CoolUserDefaultsTests */ = {
			isa = PBXGroup;
			children = (
				22938E3620F60D2300D0EB7A /* CoolUserDefaultsTests.swift */,
				22938E3820F60D2300D0EB7A /* Info.plist */,
			);
			path = CoolUserDefaultsTests;
			sourceTree = "<group>";
		};
		22938E4020F60D2300D0EB7A /* CoolUserDefaultsUITests */ = {
			isa = PBXGroup;
			children = (
				22938E4120F60D2300D0EB7A /* CoolUserDefaultsUITests.swift */,
				22938E4320F60D2300D0EB7A /* Info.plist */,
			);
			path = CoolUserDefaultsUITests;
			sourceTree = "<group>";
		};
/* End PBXGroup section */

/* Begin PBXNativeTarget section */
		22938E1D20F60D2100D0EB7A /* CoolUserDefaults */ = {
			isa = PBXNativeTarget;
			buildConfigurationList = 22938E4620F60D2400D0EB7A /* Build configuration list for PBXNativeTarget "CoolUserDefaults" */;
			buildPhases = (
				22938E1A20F60D2100D0EB7A /* Sources */,
				22938E1B20F60D2100D0EB7A /* Frameworks */,
				22938E1C20F60D2100D0EB7A /* Resources */,
			);
			buildRules = (
			);
			dependencies = (
			);
			name = CoolUserDefaults;
			productName = CoolUserDefaults;
			productReference = 22938E1E20F60D2100D0EB7A /* CoolUserDefaults.app */;
			productType = "com.apple.product-type.application";
		};
		22938E3120F60D2300D0EB7A /* CoolUserDefaultsTests */ = {
			isa = PBXNativeTarget;
			buildConfigurationList = 22938E4920F60D2400D0EB7A /* Build configuration list for PBXNativeTarget "CoolUserDefaultsTests" */;
			buildPhases = (
				22938E2E20F60D2300D0EB7A /* Sources */,
				22938E2F20F60D2300D0EB7A /* Frameworks */,
				22938E3020F60D2300D0EB7A /* Resources */,
			);
			buildRules = (
			);
			dependencies = (
				22938E3420F60D2300D0EB7A /* PBXTargetDependency */,
			);
			name = CoolUserDefaultsTests;
			productName = CoolUserDefaultsTests;
			productReference = 22938E3220F60D2300D0EB7A /* CoolUserDefaultsTests.xctest */;
			productType = "com.apple.product-type.bundle.unit-test";
		};
		22938E3C20F60D2300D0EB7A /* CoolUserDefaultsUITests */ = {
			isa = PBXNativeTarget;
			buildConfigurationList = 22938E4C20F60D2400D0EB7A /* Build configuration list for PBXNativeTarget "CoolUserDefaultsUITests" */;
			buildPhases = (
				22938E3920F60D2300D0EB7A /* Sources */,
				22938E3A20F60D2300D0EB7A /* Frameworks */,
				22938E3B20F60D2300D0EB7A /* Resources */,
			);
			buildRules = (
			);
			dependencies = (
				22938E3F20F60D2300D0EB7A /* PBXTargetDependency */,
			);
			name = CoolUserDefaultsUITests;
			productName = CoolUserDefaultsUITests;
			productReference = 22938E3D20F60D2300D0EB7A /* CoolUserDefaultsUITests.xctest */;
			productType = "com.apple.product-type.bundle.ui-testing";
		};
/* End PBXNativeTarget section */

/* Begin PBXProject section */
		22938E1620F60D2100D0EB7A /* Project object */ = {
			isa = PBXProject;
			attributes = {
				LastSwiftUpdateCheck = 1000;
				LastUpgradeCheck = 1000;
				ORGANIZATIONNAME = fun;
				TargetAttributes = {
					22938E1D20F60D2100D0EB7A = {
						CreatedOnToolsVersion = 10.0;
					};
					22938E3120F60D2300D0EB7A = {
						CreatedOnToolsVersion = 10.0;
						TestTargetID = 22938E1D20F60D2100D0EB7A;
					};
					22938E3C20F60D2300D0EB7A = {
						CreatedOnToolsVersion = 10.0;
						TestTargetID = 22938E1D20F60D2100D0EB7A;
					};
				};
			};
			buildConfigurationList = 22938E1920F60D2100D0EB7A /* Build configuration list for PBXProject "CoolUserDefaults" */;
			compatibilityVersion = "Xcode 9.3";
			developmentRegion = en;
			hasScannedForEncodings = 0;
			knownRegions = (
				en,
				Base,
			);
			mainGroup = 22938E1520F60D2100D0EB7A;
			productRefGroup = 22938E1F20F60D2100D0EB7A /* Products */;
			projectDirPath = "";
			projectRoot = "";
			targets = (
				22938E1D20F60D2100D0EB7A /* CoolUserDefaults */,
				22938E3120F60D2300D0EB7A /* CoolUserDefaultsTests */,
				22938E3C20F60D2300D0EB7A /* CoolUserDefaultsUITests */,
			);
		};
/* End PBXProject section */

/* Begin PBXResourcesBuildPhase section */
		22938E1C20F60D2100D0EB7A /* Resources */ = {
			isa = PBXResourcesBuildPhase;
			buildActionMask = 2147483647;
			files = (
				22938E2C20F60D2300D0EB7A /* LaunchScreen.storyboard in Resources */,
				22938E2920F60D2300D0EB7A /* Assets.xcassets in Resources */,
				22938E2720F60D2200D0EB7A /* Main.storyboard in Resources */,
			);
			runOnlyForDeploymentPostprocessing = 0;
		};
		22938E3020F60D2300D0EB7A /* Resources */ = {
			isa = PBXResourcesBuildPhase;
			buildActionMask = 2147483647;
			files = (
			);
			runOnlyForDeploymentPostprocessing = 0;
		};
		22938E3B20F60D2300D0EB7A /* Resources */ = {
			isa = PBXResourcesBuildPhase;
			buildActionMask = 2147483647;
			files = (
			);
			runOnlyForDeploymentPostprocessing = 0;
		};
/* End PBXResourcesBuildPhase section */

/* Begin PBXSourcesBuildPhase section */
		22938E1A20F60D2100D0EB7A /* Sources */ = {
			isa = PBXSourcesBuildPhase;
			buildActionMask = 2147483647;
			files = (
				22938E2420F60D2200D0EB7A /* ViewController.swift in Sources */,
				22938E5020F60D4C00D0EB7A /* CoolUserDefaults.swift in Sources */,
				22938E2220F60D2200D0EB7A /* AppDelegate.swift in Sources */,
			);
			runOnlyForDeploymentPostprocessing = 0;
		};
		22938E2E20F60D2300D0EB7A /* Sources */ = {
			isa = PBXSourcesBuildPhase;
			buildActionMask = 2147483647;
			files = (
				22938E3720F60D2300D0EB7A /* CoolUserDefaultsTests.swift in Sources */,
			);
			runOnlyForDeploymentPostprocessing = 0;
		};
		22938E3920F60D2300D0EB7A /* Sources */ = {
			isa = PBXSourcesBuildPhase;
			buildActionMask = 2147483647;
			files = (
				22938E4220F60D2300D0EB7A /* CoolUserDefaultsUITests.swift in Sources */,
			);
			runOnlyForDeploymentPostprocessing = 0;
		};
/* End PBXSourcesBuildPhase section */

/* Begin PBXTargetDependency section */
		22938E3420F60D2300D0EB7A /* PBXTargetDependency */ = {
			isa = PBXTargetDependency;
			target = 22938E1D20F60D2100D0EB7A /* CoolUserDefaults */;
			targetProxy = 22938E3320F60D2300D0EB7A /* PBXContainerItemProxy */;
		};
		22938E3F20F60D2300D0EB7A /* PBXTargetDependency */ = {
			isa = PBXTargetDependency;
			target = 22938E1D20F60D2100D0EB7A /* CoolUserDefaults */;
			targetProxy = 22938E3E20F60D2300D0EB7A /* PBXContainerItemProxy */;
		};
/* End PBXTargetDependency section */

/* Begin PBXVariantGroup section */
		22938E2520F60D2200D0EB7A /* Main.storyboard */ = {
			isa = PBXVariantGroup;
			children = (
				22938E2620F60D2200D0EB7A /* Base */,
			);
			name = Main.storyboard;
			sourceTree = "<group>";
		};
		22938E2A20F60D2300D0EB7A /* LaunchScreen.storyboard */ = {
			isa = PBXVariantGroup;
			children = (
				22938E2B20F60D2300D0EB7A /* Base */,
			);
			name = LaunchScreen.storyboard;
			sourceTree = "<group>";
		};
/* End PBXVariantGroup section */

/* Begin XCBuildConfiguration section */
		22938E4420F60D2400D0EB7A /* Debug */ = {
			isa = XCBuildConfiguration;
			buildSettings = {
				ALWAYS_SEARCH_USER_PATHS = NO;
				CLANG_ANALYZER_NONNULL = YES;
				CLANG_ANALYZER_NUMBER_OBJECT_CONVERSION = YES_AGGRESSIVE;
				CLANG_CXX_LANGUAGE_STANDARD = "gnu++14";
				CLANG_CXX_LIBRARY = "libc++";
				CLANG_ENABLE_MODULES = YES;
				CLANG_ENABLE_OBJC_ARC = YES;
				CLANG_ENABLE_OBJC_WEAK = YES;
				CLANG_WARN_BLOCK_CAPTURE_AUTORELEASING = YES;
				CLANG_WARN_BOOL_CONVERSION = YES;
				CLANG_WARN_COMMA = YES;
				CLANG_WARN_CONSTANT_CONVERSION = YES;
				CLANG_WARN_DEPRECATED_OBJC_IMPLEMENTATIONS = YES;
				CLANG_WARN_DIRECT_OBJC_ISA_USAGE = YES_ERROR;
				CLANG_WARN_DOCUMENTATION_COMMENTS = YES;
				CLANG_WARN_EMPTY_BODY = YES;
				CLANG_WARN_ENUM_CONVERSION = YES;
				CLANG_WARN_INFINITE_RECURSION = YES;
				CLANG_WARN_INT_CONVERSION = YES;
				CLANG_WARN_NON_LITERAL_NULL_CONVERSION = YES;
				CLANG_WARN_OBJC_IMPLICIT_RETAIN_SELF = YES;
				CLANG_WARN_OBJC_LITERAL_CONVERSION = YES;
				CLANG_WARN_OBJC_ROOT_CLASS = YES_ERROR;
				CLANG_WARN_RANGE_LOOP_ANALYSIS = YES;
				CLANG_WARN_STRICT_PROTOTYPES = YES;
				CLANG_WARN_SUSPICIOUS_MOVE = YES;
				CLANG_WARN_UNGUARDED_AVAILABILITY = YES_AGGRESSIVE;
				CLANG_WARN_UNREACHABLE_CODE = YES;
				CLANG_WARN__DUPLICATE_METHOD_MATCH = YES;
				CODE_SIGN_IDENTITY = "iPhone Developer";
				COPY_PHASE_STRIP = NO;
				DEBUG_INFORMATION_FORMAT = dwarf;
				ENABLE_STRICT_OBJC_MSGSEND = YES;
				ENABLE_TESTABILITY = YES;
				GCC_C_LANGUAGE_STANDARD = gnu11;
				GCC_DYNAMIC_NO_PIC = NO;
				GCC_NO_COMMON_BLOCKS = YES;
				GCC_OPTIMIZATION_LEVEL = 0;
				GCC_PREPROCESSOR_DEFINITIONS = (
					"DEBUG=1",
					"$(inherited)",
				);
				GCC_WARN_64_TO_32_BIT_CONVERSION = YES;
				GCC_WARN_ABOUT_RETURN_TYPE = YES_ERROR;
				GCC_WARN_UNDECLARED_SELECTOR = YES;
				GCC_WARN_UNINITIALIZED_AUTOS = YES_AGGRESSIVE;
				GCC_WARN_UNUSED_FUNCTION = YES;
				GCC_WARN_UNUSED_VARIABLE = YES;
				IPHONEOS_DEPLOYMENT_TARGET = 12.0;
				MTL_ENABLE_DEBUG_INFO = INCLUDE_SOURCE;
				ONLY_ACTIVE_ARCH = YES;
				SDKROOT = iphoneos;
				SWIFT_ACTIVE_COMPILATION_CONDITIONS = DEBUG;
				SWIFT_OPTIMIZATION_LEVEL = "-Onone";
			};
			name = Debug;
		};
		22938E4520F60D2400D0EB7A /* Release */ = {
			isa = XCBuildConfiguration;
			buildSettings = {
				ALWAYS_SEARCH_USER_PATHS = NO;
				CLANG_ANALYZER_NONNULL = YES;
				CLANG_ANALYZER_NUMBER_OBJECT_CONVERSION = YES_AGGRESSIVE;
				CLANG_CXX_LANGUAGE_STANDARD = "gnu++14";
				CLANG_CXX_LIBRARY = "libc++";
				CLANG_ENABLE_MODULES = YES;
				CLANG_ENABLE_OBJC_ARC = YES;
				CLANG_ENABLE_OBJC_WEAK = YES;
				CLANG_WARN_BLOCK_CAPTURE_AUTORELEASING = YES;
				CLANG_WARN_BOOL_CONVERSION = YES;
				CLANG_WARN_COMMA = YES;
				CLANG_WARN_CONSTANT_CONVERSION = YES;
				CLANG_WARN_DEPRECATED_OBJC_IMPLEMENTATIONS = YES;
				CLANG_WARN_DIRECT_OBJC_ISA_USAGE = YES_ERROR;
				CLANG_WARN_DOCUMENTATION_COMMENTS = YES;
				CLANG_WARN_EMPTY_BODY = YES;
				CLANG_WARN_ENUM_CONVERSION = YES;
				CLANG_WARN_INFINITE_RECURSION = YES;
				CLANG_WARN_INT_CONVERSION = YES;
				CLANG_WARN_NON_LITERAL_NULL_CONVERSION = YES;
				CLANG_WARN_OBJC_IMPLICIT_RETAIN_SELF = YES;
				CLANG_WARN_OBJC_LITERAL_CONVERSION = YES;
				CLANG_WARN_OBJC_ROOT_CLASS = YES_ERROR;
				CLANG_WARN_RANGE_LOOP_ANALYSIS = YES;
				CLANG_WARN_STRICT_PROTOTYPES = YES;
				CLANG_WARN_SUSPICIOUS_MOVE = YES;
				CLANG_WARN_UNGUARDED_AVAILABILITY = YES_AGGRESSIVE;
				CLANG_WARN_UNREACHABLE_CODE = YES;
				CLANG_WARN__DUPLICATE_METHOD_MATCH = YES;
				CODE_SIGN_IDENTITY = "iPhone Developer";
				COPY_PHASE_STRIP = NO;
				DEBUG_INFORMATION_FORMAT = "dwarf-with-dsym";
				ENABLE_NS_ASSERTIONS = NO;
				ENABLE_STRICT_OBJC_MSGSEND = YES;
				GCC_C_LANGUAGE_STANDARD = gnu11;
				GCC_NO_COMMON_BLOCKS = YES;
				GCC_WARN_64_TO_32_BIT_CONVERSION = YES;
				GCC_WARN_ABOUT_RETURN_TYPE = YES_ERROR;
				GCC_WARN_UNDECLARED_SELECTOR = YES;
				GCC_WARN_UNINITIALIZED_AUTOS = YES_AGGRESSIVE;
				GCC_WARN_UNUSED_FUNCTION = YES;
				GCC_WARN_UNUSED_VARIABLE = YES;
				IPHONEOS_DEPLOYMENT_TARGET = 12.0;
				MTL_ENABLE_DEBUG_INFO = NO;
				SDKROOT = iphoneos;
				SWIFT_COMPILATION_MODE = wholemodule;
				SWIFT_OPTIMIZATION_LEVEL = "-O";
				VALIDATE_PRODUCT = YES;
			};
			name = Release;
		};
		22938E4720F60D2400D0EB7A /* Debug */ = {
			isa = XCBuildConfiguration;
			buildSettings = {
				ASSETCATALOG_COMPILER_APPICON_NAME = AppIcon;
				CODE_SIGN_STYLE = Automatic;
				INFOPLIST_FILE = CoolUserDefaults/Info.plist;
				LD_RUNPATH_SEARCH_PATHS = (
					"$(inherited)",
					"@executable_path/Frameworks",
				);
				PRODUCT_BUNDLE_IDENTIFIER = fun.CoolUserDefaults;
				PRODUCT_NAME = "$(TARGET_NAME)";
				SWIFT_VERSION = 4.2;
				TARGETED_DEVICE_FAMILY = "1,2";
			};
			name = Debug;
		};
		22938E4820F60D2400D0EB7A /* Release */ = {
			isa = XCBuildConfiguration;
			buildSettings = {
				ASSETCATALOG_COMPILER_APPICON_NAME = AppIcon;
				CODE_SIGN_STYLE = Automatic;
				INFOPLIST_FILE = CoolUserDefaults/Info.plist;
				LD_RUNPATH_SEARCH_PATHS = (
					"$(inherited)",
					"@executable_path/Frameworks",
				);
				PRODUCT_BUNDLE_IDENTIFIER = fun.CoolUserDefaults;
				PRODUCT_NAME = "$(TARGET_NAME)";
				SWIFT_VERSION = 4.2;
				TARGETED_DEVICE_FAMILY = "1,2";
			};
			name = Release;
		};
		22938E4A20F60D2400D0EB7A /* Debug */ = {
			isa = XCBuildConfiguration;
			buildSettings = {
				ALWAYS_EMBED_SWIFT_STANDARD_LIBRARIES = YES;
				BUNDLE_LOADER = "$(TEST_HOST)";
				CODE_SIGN_STYLE = Automatic;
				INFOPLIST_FILE = CoolUserDefaultsTests/Info.plist;
				LD_RUNPATH_SEARCH_PATHS = (
					"$(inherited)",
					"@executable_path/Frameworks",
					"@loader_path/Frameworks",
				);
				PRODUCT_BUNDLE_IDENTIFIER = fun.CoolUserDefaultsTests;
				PRODUCT_NAME = "$(TARGET_NAME)";
				SWIFT_VERSION = 4.2;
				TARGETED_DEVICE_FAMILY = "1,2";
				TEST_HOST = "$(BUILT_PRODUCTS_DIR)/CoolUserDefaults.app/CoolUserDefaults";
			};
			name = Debug;
		};
		22938E4B20F60D2400D0EB7A /* Release */ = {
			isa = XCBuildConfiguration;
			buildSettings = {
				ALWAYS_EMBED_SWIFT_STANDARD_LIBRARIES = YES;
				BUNDLE_LOADER = "$(TEST_HOST)";
				CODE_SIGN_STYLE = Automatic;
				INFOPLIST_FILE = CoolUserDefaultsTests/Info.plist;
				LD_RUNPATH_SEARCH_PATHS = (
					"$(inherited)",
					"@executable_path/Frameworks",
					"@loader_path/Frameworks",
				);
				PRODUCT_BUNDLE_IDENTIFIER = fun.CoolUserDefaultsTests;
				PRODUCT_NAME = "$(TARGET_NAME)";
				SWIFT_VERSION = 4.2;
				TARGETED_DEVICE_FAMILY = "1,2";
				TEST_HOST = "$(BUILT_PRODUCTS_DIR)/CoolUserDefaults.app/CoolUserDefaults";
			};
			name = Release;
		};
		22938E4D20F60D2400D0EB7A /* Debug */ = {
			isa = XCBuildConfiguration;
			buildSettings = {
				ALWAYS_EMBED_SWIFT_STANDARD_LIBRARIES = YES;
				CODE_SIGN_STYLE = Automatic;
				INFOPLIST_FILE = CoolUserDefaultsUITests/Info.plist;
				LD_RUNPATH_SEARCH_PATHS = (
					"$(inherited)",
					"@executable_path/Frameworks",
					"@loader_path/Frameworks",
				);
				PRODUCT_BUNDLE_IDENTIFIER = fun.CoolUserDefaultsUITests;
				PRODUCT_NAME = "$(TARGET_NAME)";
				SWIFT_VERSION = 4.2;
				TARGETED_DEVICE_FAMILY = "1,2";
				TEST_TARGET_NAME = CoolUserDefaults;
			};
			name = Debug;
		};
		22938E4E20F60D2400D0EB7A /* Release */ = {
			isa = XCBuildConfiguration;
			buildSettings = {
				ALWAYS_EMBED_SWIFT_STANDARD_LIBRARIES = YES;
				CODE_SIGN_STYLE = Automatic;
				INFOPLIST_FILE = CoolUserDefaultsUITests/Info.plist;
				LD_RUNPATH_SEARCH_PATHS = (
					"$(inherited)",
					"@executable_path/Frameworks",
					"@loader_path/Frameworks",
				);
				PRODUCT_BUNDLE_IDENTIFIER = fun.CoolUserDefaultsUITests;
				PRODUCT_NAME = "$(TARGET_NAME)";
				SWIFT_VERSION = 4.2;
				TARGETED_DEVICE_FAMILY = "1,2";
				TEST_TARGET_NAME = CoolUserDefaults;
			};
			name = Release;
		};
/* End XCBuildConfiguration section */

/* Begin XCConfigurationList section */
		22938E1920F60D2100D0EB7A /* Build configuration list for PBXProject "CoolUserDefaults" */ = {
			isa = XCConfigurationList;
			buildConfigurations = (
				22938E4420F60D2400D0EB7A /* Debug */,
				22938E4520F60D2400D0EB7A /* Release */,
			);
			defaultConfigurationIsVisible = 0;
			defaultConfigurationName = Release;
		};
		22938E4620F60D2400D0EB7A /* Build configuration list for PBXNativeTarget "CoolUserDefaults" */ = {
			isa = XCConfigurationList;
			buildConfigurations = (
				22938E4720F60D2400D0EB7A /* Debug */,
				22938E4820F60D2400D0EB7A /* Release */,
			);
			defaultConfigurationIsVisible = 0;
			defaultConfigurationName = Release;
		};
		22938E4920F60D2400D0EB7A /* Build configuration list for PBXNativeTarget "CoolUserDefaultsTests" */ = {
			isa = XCConfigurationList;
			buildConfigurations = (
				22938E4A20F60D2400D0EB7A /* Debug */,
				22938E4B20F60D2400D0EB7A /* Release */,
			);
			defaultConfigurationIsVisible = 0;
			defaultConfigurationName = Release;
		};
		22938E4C20F60D2400D0EB7A /* Build configuration list for PBXNativeTarget "CoolUserDefaultsUITests" */ = {
			isa = XCConfigurationList;
			buildConfigurations = (
				22938E4D20F60D2400D0EB7A /* Debug */,
				22938E4E20F60D2400D0EB7A /* Release */,
			);
			defaultConfigurationIsVisible = 0;
			defaultConfigurationName = Release;
		};
/* End XCConfigurationList section */
	};
	rootObject = 22938E1620F60D2100D0EB7A /* Project object */;
}
