// !$*UTF8*$!
{
	archiveVersion = 1;
	classes = {
	};
	objectVersion = 48;
	objects = {

/* Begin PBXBuildFile section */
		2247A0641FF0E7FA001CC154 /* AppDelegate.swift in Sources */ = {isa = PBXBuildFile; fileRef = 2247A0631FF0E7FA001CC154 /* AppDelegate.swift */; };
		2247A0661FF0E7FA001CC154 /* ViewController.swift in Sources */ = {isa = PBXBuildFile; fileRef = 2247A0651FF0E7FA001CC154 /* ViewController.swift */; };
		2247A0691FF0E7FA001CC154 /* Main.storyboard in Resources */ = {isa = PBXBuildFile; fileRef = 2247A0671FF0E7FA001CC154 /* Main.storyboard */; };
		2247A06B1FF0E7FA001CC154 /* Assets.xcassets in Resources */ = {isa = PBXBuildFile; fileRef = 2247A06A1FF0E7FA001CC154 /* Assets.xcassets */; };
		2247A06E1FF0E7FA001CC154 /* LaunchScreen.storyboard in Resources */ = {isa = PBXBuildFile; fileRef = 2247A06C1FF0E7FA001CC154 /* LaunchScreen.storyboard */; };
/* End PBXBuildFile section */

/* Begin PBXFileReference section */
		2247A0601FF0E7FA001CC154 /* T02-Iterator-AudioPlayerBar.app */ = {isa = PBXFileReference; explicitFileType = wrapper.application; includeInIndex = 0; path = "T02-Iterator-AudioPlayerBar.app"; sourceTree = BUILT_PRODUCTS_DIR; };
		2247A0631FF0E7FA001CC154 /* AppDelegate.swift */ = {isa = PBXFileReference; lastKnownFileType = sourcecode.swift; path = AppDelegate.swift; sourceTree = "<group>"; };
		2247A0651FF0E7FA001CC154 /* ViewController.swift */ = {isa = PBXFileReference; lastKnownFileType = sourcecode.swift; path = ViewController.swift; sourceTree = "<group>"; };
		2247A0681FF0E7FA001CC154 /* Base */ = {isa = PBXFileReference; lastKnownFileType = file.storyboard; name = Base; path = Base.lproj/Main.storyboard; sourceTree = "<group>"; };
		2247A06A1FF0E7FA001CC154 /* Assets.xcassets */ = {isa = PBXFileReference; lastKnownFileType = folder.assetcatalog; path = Assets.xcassets; sourceTree = "<group>"; };
		2247A06D1FF0E7FA001CC154 /* Base */ = {isa = PBXFileReference; lastKnownFileType = file.storyboard; name = Base; path = Base.lproj/LaunchScreen.storyboard; sourceTree = "<group>"; };
		2247A06F1FF0E7FA001CC154 /* Info.plist */ = {isa = PBXFileReference; lastKnownFileType = text.plist.xml; path = Info.plist; sourceTree = "<group>"; };
/* End PBXFileReference section */

/* Begin PBXFrameworksBuildPhase section */
		2247A05D1FF0E7FA001CC154 /* Frameworks */ = {
			isa = PBXFrameworksBuildPhase;
			buildActionMask = 2147483647;
			files = (
			);
			runOnlyForDeploymentPostprocessing = 0;
		};
/* End PBXFrameworksBuildPhase section */

/* Begin PBXGroup section */
		2247A0571FF0E7FA001CC154 = {
			isa = PBXGroup;
			children = (
				2247A0621FF0E7FA001CC154 /* T02-Iterator-AudioPlayerBar */,
				2247A0611FF0E7FA001CC154 /* Products */,
			);
			sourceTree = "<group>";
		};
		2247A0611FF0E7FA001CC154 /* Products */ = {
			isa = PBXGroup;
			children = (
				2247A0601FF0E7FA001CC154 /* T02-Iterator-AudioPlayerBar.app */,
			);
			name = Products;
			sourceTree = "<group>";
		};
		2247A0621FF0E7FA001CC154 /* T02-Iterator-AudioPlayerBar */ = {
			isa = PBXGroup;
			children = (
				2247A0631FF0E7FA001CC154 /* AppDelegate.swift */,
				2247A0651FF0E7FA001CC154 /* ViewController.swift */,
				2247A0671FF0E7FA001CC154 /* Main.storyboard */,
				2247A06A1FF0E7FA001CC154 /* Assets.xcassets */,
				2247A06C1FF0E7FA001CC154 /* LaunchScreen.storyboard */,
				2247A06F1FF0E7FA001CC154 /* Info.plist */,
			);
			path = "T02-Iterator-AudioPlayerBar";
			sourceTree = "<group>";
		};
/* End PBXGroup section */

/* Begin PBXNativeTarget section */
		2247A05F1FF0E7FA001CC154 /* T02-Iterator-AudioPlayerBar */ = {
			isa = PBXNativeTarget;
			buildConfigurationList = 2247A0721FF0E7FA001CC154 /* Build configuration list for PBXNativeTarget "T02-Iterator-AudioPlayerBar" */;
			buildPhases = (
				2247A05C1FF0E7FA001CC154 /* Sources */,
				2247A05D1FF0E7FA001CC154 /* Frameworks */,
				2247A05E1FF0E7FA001CC154 /* Resources */,
			);
			buildRules = (
			);
			dependencies = (
			);
			name = "T02-Iterator-AudioPlayerBar";
			productName = "T02-Iterator-AudioPlayerBar";
			productReference = 2247A0601FF0E7FA001CC154 /* T02-Iterator-AudioPlayerBar.app */;
			productType = "com.apple.product-type.application";
		};
/* End PBXNativeTarget section */

/* Begin PBXProject section */
		2247A0581FF0E7FA001CC154 /* Project object */ = {
			isa = PBXProject;
			attributes = {
				LastSwiftUpdateCheck = 0920;
				LastUpgradeCheck = 0920;
				ORGANIZATIONNAME = fun;
				TargetAttributes = {
					2247A05F1FF0E7FA001CC154 = {
						CreatedOnToolsVersion = 9.2;
						ProvisioningStyle = Automatic;
					};
				};
			};
			buildConfigurationList = 2247A05B1FF0E7FA001CC154 /* Build configuration list for PBXProject "T02-Iterator-AudioPlayerBar" */;
			compatibilityVersion = "Xcode 8.0";
			developmentRegion = en;
			hasScannedForEncodings = 0;
			knownRegions = (
				en,
				Base,
			);
			mainGroup = 2247A0571FF0E7FA001CC154;
			productRefGroup = 2247A0611FF0E7FA001CC154 /* Products */;
			projectDirPath = "";
			projectRoot = "";
			targets = (
				2247A05F1FF0E7FA001CC154 /* T02-Iterator-AudioPlayerBar */,
			);
		};
/* End PBXProject section */

/* Begin PBXResourcesBuildPhase section */
		2247A05E1FF0E7FA001CC154 /* Resources */ = {
			isa = PBXResourcesBuildPhase;
			buildActionMask = 2147483647;
			files = (
				2247A06E1FF0E7FA001CC154 /* LaunchScreen.storyboard in Resources */,
				2247A06B1FF0E7FA001CC154 /* Assets.xcassets in Resources */,
				2247A0691FF0E7FA001CC154 /* Main.storyboard in Resources */,
			);
			runOnlyForDeploymentPostprocessing = 0;
		};
/* End PBXResourcesBuildPhase section */

/* Begin PBXSourcesBuildPhase section */
		2247A05C1FF0E7FA001CC154 /* Sources */ = {
			isa = PBXSourcesBuildPhase;
			buildActionMask = 2147483647;
			files = (
				2247A0661FF0E7FA001CC154 /* ViewController.swift in Sources */,
				2247A0641FF0E7FA001CC154 /* AppDelegate.swift in Sources */,
			);
			runOnlyForDeploymentPostprocessing = 0;
		};
/* End PBXSourcesBuildPhase section */

/* Begin PBXVariantGroup section */
		2247A0671FF0E7FA001CC154 /* Main.storyboard */ = {
			isa = PBXVariantGroup;
			children = (
				2247A0681FF0E7FA001CC154 /* Base */,
			);
			name = Main.storyboard;
			sourceTree = "<group>";
		};
		2247A06C1FF0E7FA001CC154 /* LaunchScreen.storyboard */ = {
			isa = PBXVariantGroup;
			children = (
				2247A06D1FF0E7FA001CC154 /* Base */,
			);
			name = LaunchScreen.storyboard;
			sourceTree = "<group>";
		};
/* End PBXVariantGroup section */

/* Begin XCBuildConfiguration section */
		2247A0701FF0E7FA001CC154 /* Debug */ = {
			isa = XCBuildConfiguration;
			buildSettings = {
				ALWAYS_SEARCH_USER_PATHS = NO;
				CLANG_ANALYZER_NONNULL = YES;
				CLANG_ANALYZER_NUMBER_OBJECT_CONVERSION = YES_AGGRESSIVE;
				CLANG_CXX_LANGUAGE_STANDARD = "gnu++14";
				CLANG_CXX_LIBRARY = "libc++";
				CLANG_ENABLE_MODULES = YES;
				CLANG_ENABLE_OBJC_ARC = YES;
				CLANG_WARN_BLOCK_CAPTURE_AUTORELEASING = YES;
				CLANG_WARN_BOOL_CONVERSION = YES;
				CLANG_WARN_COMMA = YES;
				CLANG_WARN_CONSTANT_CONVERSION = YES;
				CLANG_WARN_DIRECT_OBJC_ISA_USAGE = YES_ERROR;
				CLANG_WARN_DOCUMENTATION_COMMENTS = YES;
				CLANG_WARN_EMPTY_BODY = YES;
				CLANG_WARN_ENUM_CONVERSION = YES;
				CLANG_WARN_INFINITE_RECURSION = YES;
				CLANG_WARN_INT_CONVERSION = YES;
				CLANG_WARN_NON_LITERAL_NULL_CONVERSION = YES;
				CLANG_WARN_OBJC_LITERAL_CONVERSION = YES;
				CLANG_WARN_OBJC_ROOT_CLASS = YES_ERROR;
				CLANG_WARN_RANGE_LOOP_ANALYSIS = YES;
				CLANG_WARN_STRICT_PROTOTYPES = YES;
				CLANG_WARN_SUSPICIOUS_MOVE = YES;
				CLANG_WARN_UNGUARDED_AVAILABILITY = YES_AGGRESSIVE;
				CLANG_WARN_UNREACHABLE_CODE = YES;
				CLANG_WARN__DUPLICATE_METHOD_MATCH = YES;
				CODE_SIGN_IDENTITY = "iPhone Developer";
				COPY_PHASE_STRIP = NO;
				DEBUG_INFORMATION_FORMAT = dwarf;
				ENABLE_STRICT_OBJC_MSGSEND = YES;
				ENABLE_TESTABILITY = YES;
				GCC_C_LANGUAGE_STANDARD = gnu11;
				GCC_DYNAMIC_NO_PIC = NO;
				GCC_NO_COMMON_BLOCKS = YES;
				GCC_OPTIMIZATION_LEVEL = 0;
				GCC_PREPROCESSOR_DEFINITIONS = (
					"DEBUG=1",
					"$(inherited)",
				);
				GCC_WARN_64_TO_32_BIT_CONVERSION = YES;
				GCC_WARN_ABOUT_RETURN_TYPE = YES_ERROR;
				GCC_WARN_UNDECLARED_SELECTOR = YES;
				GCC_WARN_UNINITIALIZED_AUTOS = YES_AGGRESSIVE;
				GCC_WARN_UNUSED_FUNCTION = YES;
				GCC_WARN_UNUSED_VARIABLE = YES;
				IPHONEOS_DEPLOYMENT_TARGET = 11.2;
				MTL_ENABLE_DEBUG_INFO = YES;
				ONLY_ACTIVE_ARCH = YES;
				SDKROOT = iphoneos;
				SWIFT_ACTIVE_COMPILATION_CONDITIONS = DEBUG;
				SWIFT_OPTIMIZATION_LEVEL = "-Onone";
			};
			name = Debug;
		};
		2247A0711FF0E7FA001CC154 /* Release */ = {
			isa = XCBuildConfiguration;
			buildSettings = {
				ALWAYS_SEARCH_USER_PATHS = NO;
				CLANG_ANALYZER_NONNULL = YES;
				CLANG_ANALYZER_NUMBER_OBJECT_CONVERSION = YES_AGGRESSIVE;
				CLANG_CXX_LANGUAGE_STANDARD = "gnu++14";
				CLANG_CXX_LIBRARY = "libc++";
				CLANG_ENABLE_MODULES = YES;
				CLANG_ENABLE_OBJC_ARC = YES;
				CLANG_WARN_BLOCK_CAPTURE_AUTORELEASING = YES;
				CLANG_WARN_BOOL_CONVERSION = YES;
				CLANG_WARN_COMMA = YES;
				CLANG_WARN_CONSTANT_CONVERSION = YES;
				CLANG_WARN_DIRECT_OBJC_ISA_USAGE = YES_ERROR;
				CLANG_WARN_DOCUMENTATION_COMMENTS = YES;
				CLANG_WARN_EMPTY_BODY = YES;
				CLANG_WARN_ENUM_CONVERSION = YES;
				CLANG_WARN_INFINITE_RECURSION = YES;
				CLANG_WARN_INT_CONVERSION = YES;
				CLANG_WARN_NON_LITERAL_NULL_CONVERSION = YES;
				CLANG_WARN_OBJC_LITERAL_CONVERSION = YES;
				CLANG_WARN_OBJC_ROOT_CLASS = YES_ERROR;
				CLANG_WARN_RANGE_LOOP_ANALYSIS = YES;
				CLANG_WARN_STRICT_PROTOTYPES = YES;
				CLANG_WARN_SUSPICIOUS_MOVE = YES;
				CLANG_WARN_UNGUARDED_AVAILABILITY = YES_AGGRESSIVE;
				CLANG_WARN_UNREACHABLE_CODE = YES;
				CLANG_WARN__DUPLICATE_METHOD_MATCH = YES;
				CODE_SIGN_IDENTITY = "iPhone Developer";
				COPY_PHASE_STRIP = NO;
				DEBUG_INFORMATION_FORMAT = "dwarf-with-dsym";
				ENABLE_NS_ASSERTIONS = NO;
				ENABLE_STRICT_OBJC_MSGSEND = YES;
				GCC_C_LANGUAGE_STANDARD = gnu11;
				GCC_NO_COMMON_BLOCKS = YES;
				GCC_WARN_64_TO_32_BIT_CONVERSION = YES;
				GCC_WARN_ABOUT_RETURN_TYPE = YES_ERROR;
				GCC_WARN_UNDECLARED_SELECTOR = YES;
				GCC_WARN_UNINITIALIZED_AUTOS = YES_AGGRESSIVE;
				GCC_WARN_UNUSED_FUNCTION = YES;
				GCC_WARN_UNUSED_VARIABLE = YES;
				IPHONEOS_DEPLOYMENT_TARGET = 11.2;
				MTL_ENABLE_DEBUG_INFO = NO;
				SDKROOT = iphoneos;
				SWIFT_OPTIMIZATION_LEVEL = "-Owholemodule";
				VALIDATE_PRODUCT = YES;
			};
			name = Release;
		};
		2247A0731FF0E7FA001CC154 /* Debug */ = {
			isa = XCBuildConfiguration;
			buildSettings = {
				ASSETCATALOG_COMPILER_APPICON_NAME = AppIcon;
				CODE_SIGN_STYLE = Automatic;
				INFOPLIST_FILE = "T02-Iterator-AudioPlayerBar/Info.plist";
				LD_RUNPATH_SEARCH_PATHS = "$(inherited) @executable_path/Frameworks";
				PRODUCT_BUNDLE_IDENTIFIER = "fun.T02-Iterator-AudioPlayerBar";
				PRODUCT_NAME = "$(TARGET_NAME)";
				SWIFT_VERSION = 4.0;
				TARGETED_DEVICE_FAMILY = "1,2";
			};
			name = Debug;
		};
		2247A0741FF0E7FA001CC154 /* Release */ = {
			isa = XCBuildConfiguration;
			buildSettings = {
				ASSETCATALOG_COMPILER_APPICON_NAME = AppIcon;
				CODE_SIGN_STYLE = Automatic;
				INFOPLIST_FILE = "T02-Iterator-AudioPlayerBar/Info.plist";
				LD_RUNPATH_SEARCH_PATHS = "$(inherited) @executable_path/Frameworks";
				PRODUCT_BUNDLE_IDENTIFIER = "fun.T02-Iterator-AudioPlayerBar";
				PRODUCT_NAME = "$(TARGET_NAME)";
				SWIFT_VERSION = 4.0;
				TARGETED_DEVICE_FAMILY = "1,2";
			};
			name = Release;
		};
/* End XCBuildConfiguration section */

/* Begin XCConfigurationList section */
		2247A05B1FF0E7FA001CC154 /* Build configuration list for PBXProject "T02-Iterator-AudioPlayerBar" */ = {
			isa = XCConfigurationList;
			buildConfigurations = (
				2247A0701FF0E7FA001CC154 /* Debug */,
				2247A0711FF0E7FA001CC154 /* Release */,
			);
			defaultConfigurationIsVisible = 0;
			defaultConfigurationName = Release;
		};
		2247A0721FF0E7FA001CC154 /* Build configuration list for PBXNativeTarget "T02-Iterator-AudioPlayerBar" */ = {
			isa = XCConfigurationList;
			buildConfigurations = (
				2247A0731FF0E7FA001CC154 /* Debug */,
				2247A0741FF0E7FA001CC154 /* Release */,
			);
			defaultConfigurationIsVisible = 0;
			defaultConfigurationName = Release;
		};
/* End XCConfigurationList section */
	};
	rootObject = 2247A0581FF0E7FA001CC154 /* Project object */;
}
